{
  "version": "4",
  "specifiers": {
    "npm:@noble/post-quantum@*": "0.2.0",
    "npm:@noble/post-quantum@0.2": "0.2.0",
    "npm:base64-arraybuffer@*": "1.0.2",
    "npm:base64-arraybuffer@^1.0.2": "1.0.2",
    "npm:ui7@~0.2.3": "0.2.3"
  },
  "npm": {
    "@noble/hashes@1.4.0": {
      "integrity": "sha512-V1JJ1WTRUqHHrOSh597hURcMqVKVGL/ea3kv0gSnEdsEZ0/+VyPghM1lMNGc00z7CIQorSvbKpuJkxvuHbvdbg=="
    },
    "@noble/post-quantum@0.2.0": {
      "integrity": "sha512-6dXxLXv9qCdj22zTBIRN1J8RrF+OUWQD1vJHNcqCu4JAlSo7KnaRVc+ikDPqvgky43Rn7NGQoWqeo4wv8TAJ/g==",
      "dependencies": [
        "@noble/hashes"
      ]
    },
    "base64-arraybuffer@1.0.2": {
      "integrity": "sha512-I3yl4r9QB5ZRY3XuJVEPfc2XhZO6YweFPI+UovAzn+8/hb3oJ6lnysaFcjVpkCPfVWFUDvoZ8kmVDP7WyRtYtQ=="
    },
    "ui7@0.2.3": {
      "integrity": "sha512-WeCFU1VYtnvHy+QghHEfv8UezR/8ip600E0TQnIZ1dE/bkz4p5KW+Ysgrc3OmwDWawH5KBz2bjWiq0HoOlgzxA=="
    }
  },
  "workspace": {
    "dependencies": [
      "npm:@noble/post-quantum@0.2",
      "npm:base64-arraybuffer@^1.0.2",
      "npm:ui7@~0.2.3"
    ]
  }
}
