{
  "version": "3",
  "packages": {
    "specifiers": {
      "npm:@noble/post-quantum": "npm:@noble/post-quantum@0.2.0",
      "npm:@noble/post-quantum@^0.2.0": "npm:@noble/post-quantum@0.2.0",
      "npm:base64-arraybuffer": "npm:base64-arraybuffer@1.0.2",
      "npm:base64-arraybuffer@^1.0.2": "npm:base64-arraybuffer@1.0.2"
    },
    "npm": {
      "@noble/hashes@1.4.0": {
        "integrity": "sha512-V1JJ1WTRUqHHrOSh597hURcMqVKVGL/ea3kv0gSnEdsEZ0/+VyPghM1lMNGc00z7CIQorSvbKpuJkxvuHbvdbg==",
        "dependencies": {}
      },
      "@noble/post-quantum@0.2.0": {
        "integrity": "sha512-6dXxLXv9qCdj22zTBIRN1J8RrF+OUWQD1vJHNcqCu4JAlSo7KnaRVc+ikDPqvgky43Rn7NGQoWqeo4wv8TAJ/g==",
        "dependencies": {
          "@noble/hashes": "@noble/hashes@1.4.0"
        }
      },
      "base64-arraybuffer@1.0.2": {
        "integrity": "sha512-I3yl4r9QB5ZRY3XuJVEPfc2XhZO6YweFPI+UovAzn+8/hb3oJ6lnysaFcjVpkCPfVWFUDvoZ8kmVDP7WyRtYtQ==",
        "dependencies": {}
      }
    }
  },
  "remote": {},
  "workspace": {
    "dependencies": [
      "npm:@noble/post-quantum@^0.2.0",
      "npm:base64-arraybuffer@^1.0.2"
    ]
  }
}
