{
  "version": "3",
  "packages": {
    "specifiers": {
      "npm:base64-arraybuffer": "npm:base64-arraybuffer@1.0.2",
      "npm:base64-arraybuffer@^1.0.2": "npm:base64-arraybuffer@1.0.2",
      "npm:crystals-kyber@^5.1.0": "npm:crystals-kyber@5.1.0",
      "npm:dilithium-crystals@^1.0.6": "npm:dilithium-crystals@1.0.6"
    },
    "npm": {
      "base64-arraybuffer@1.0.2": {
        "integrity": "sha512-I3yl4r9QB5ZRY3XuJVEPfc2XhZO6YweFPI+UovAzn+8/hb3oJ6lnysaFcjVpkCPfVWFUDvoZ8kmVDP7WyRtYtQ==",
        "dependencies": {}
      },
      "base64-js@1.5.1": {
        "integrity": "sha512-AKpaYlHn8t4SVbOHCy+b5+KKgvR4vrsD8vbvrbiQJps7fKDTkjkDry6ji0rUJjC0kzbNePLwzxq8iypo41qeWA==",
        "dependencies": {}
      },
      "buffer@6.0.3": {
        "integrity": "sha512-FTiCpNxtwiZZHEZbcbTIcZjERVICn9yq/pDFkTl95/AxzD1naBctN7YO68riM/gLSDY7sdrMby8hofADYuuqOA==",
        "dependencies": {
          "base64-js": "base64-js@1.5.1",
          "ieee754": "ieee754@1.2.1"
        }
      },
      "crystals-kyber@5.1.0": {
        "integrity": "sha512-ikM78yLEZbvOHpg+E6pkWAjpdr+YoSKMHzh9ErvJWDWSNc+Wk6YK23K9eSEKvz35aXepdpBj0BXEijdbKhcWjg==",
        "dependencies": {
          "sha3": "sha3@2.1.4"
        }
      },
      "dilithium-crystals@1.0.6": {
        "integrity": "sha512-zPMHDmr2l2A6ZU574cbwNn1AX1UkIIYcJTcN4DEycrKXtgqGp7kPYSpatzcEthTLEKwwYBWYyV6mO5HcBlZwyg==",
        "dependencies": {}
      },
      "ieee754@1.2.1": {
        "integrity": "sha512-dcyqhDvX1C46lXZcVqCpK+FtMRQVdIMN6/Df5js2zouUsqG7I6sFxitIC+7KYK29KdXOLHdu9zL4sFnoVQnqaA==",
        "dependencies": {}
      },
      "sha3@2.1.4": {
        "integrity": "sha512-S8cNxbyb0UGUM2VhRD4Poe5N58gJnJsLJ5vC7FYWGUmGhcsj4++WaIOBFVDxlG0W3To6xBuiRh+i0Qp2oNCOtg==",
        "dependencies": {
          "buffer": "buffer@6.0.3"
        }
      }
    }
  },
  "remote": {},
  "workspace": {
    "dependencies": [
      "npm:base64-arraybuffer@^1.0.2",
      "npm:crystals-kyber@^5.1.0",
      "npm:dilithium-crystals@^1.0.6"
    ]
  }
}
