{
  "version": "3",
  "packages": {
    "specifiers": {
      "jsr:@hono/hono@^4.5.3": "jsr:@hono/hono@4.5.11",
      "jsr:@std/bytes@^1.0.2-rc.3": "jsr:@std/bytes@1.0.2",
      "jsr:@std/crypto@^1.0.2-rc.1": "jsr:@std/crypto@1.0.2",
      "jsr:@std/dotenv@^0.225.0": "jsr:@std/dotenv@0.225.2",
      "jsr:@std/uuid@^1.0.0": "jsr:@std/uuid@1.0.1",
      "jsr:@takos/takos-encrypt-ink@^0.3.0-unstable": "jsr:@takos/takos-encrypt-ink@0.3.0-unstable",
      "jsr:@takos/takos-encrypt-ink@^0.3.1-unstable": "jsr:@takos/takos-encrypt-ink@0.3.1-unstable",
      "jsr:@takos/takos-encrypt-ink@^0.3.2-unstable": "jsr:@takos/takos-encrypt-ink@0.3.2-unstable",
      "jsr:@takos/takos-encrypt-ink@^1.2.3": "jsr:@takos/takos-encrypt-ink@1.2.3",
      "npm:@types/node": "npm:@types/node@18.16.19",
      "npm:base64-arraybuffer@^1.0.2": "npm:base64-arraybuffer@1.0.2",
      "npm:crystals-kyber@^5.1.0": "npm:crystals-kyber@5.1.0",
      "npm:dilithium-crystals@^1.0.6": "npm:dilithium-crystals@1.0.6",
      "npm:imagescript@^1.3.0": "npm:imagescript@1.3.0",
      "npm:ky@^1.5.0": "npm:ky@1.5.0",
      "npm:mongoose@^8.5.2": "npm:mongoose@8.5.2",
      "npm:nodemailer": "npm:nodemailer@6.9.14",
      "npm:nodemailer@^6.9.14": "npm:nodemailer@6.9.14",
      "npm:redis@^4.7.0": "npm:redis@4.7.0_@redis+client@1.6.0",
      "npm:ui7@^0.2.3": "npm:ui7@0.2.3"
    },
    "jsr": {
      "@hono/hono@4.5.11": {
        "integrity": "5bd6b1a3a503efb746fdcf0aae3ac536dd09229d372988bde5db0798ef64ae4f"
      },
      "@hono/hono@4.5.3": {
        "integrity": "429923b2b3c6586a1450862328d61a1346fee5841e8ae86c494250475057213c"
      },
      "@hono/hono@4.5.4": {
        "integrity": "3792780b8460d5df0959b07c059db9325e4fa1a49f8b5aff7ab9bc870bdec8e3"
      },
      "@hono/hono@4.5.8": {
        "integrity": "60f5b4c61edae2016022d6087b4fc381f378d337f046f56e00a3a3512c7e9c16"
      },
      "@hono/hono@4.5.9": {
        "integrity": "47f561e67aedbd6d1e21e3a1ae26c1b80ffdb62a51c161d502e75bee17ca40af"
      },
      "@std/bytes@1.0.2": {
        "integrity": "fbdee322bbd8c599a6af186a1603b3355e59a5fb1baa139f8f4c3c9a1b3e3d57"
      },
      "@std/crypto@1.0.2": {
        "integrity": "bb515dbcd4d67aacf0ffece643a434811ea06e5b544f03c33ba58552fbdb87c7"
      },
      "@std/dotenv@0.225.0": {
        "integrity": "44db32932c67df82790a3e6847d7007befb6cc22d71f2f3ee7b7d00e1f0d6c94"
      },
      "@std/dotenv@0.225.1": {
        "integrity": "138f31352843d76cfb6cda1b860e8aac6d02ce3b05e7e236a81bf285a9868d0c"
      },
      "@std/dotenv@0.225.2": {
        "integrity": "e2025dce4de6c7bca21dece8baddd4262b09d5187217e231b033e088e0c4dd23"
      },
      "@std/uuid@1.0.1": {
        "integrity": "26f834b1e1f95b581f5f654f6b2c34c2031832fb4f598dbb1332520aa63a6740",
        "dependencies": [
          "jsr:@std/bytes@^1.0.2-rc.3",
          "jsr:@std/crypto@^1.0.2-rc.1"
        ]
      },
      "@takos/takos-encrypt-ink@0.3.0-unstable": {
        "integrity": "8dc7ec1d766adf66b1a6f959612e3fa87e903008d182c1ffcd049d635852a92a",
        "dependencies": [
          "npm:base64-arraybuffer@^1.0.2"
        ]
      },
      "@takos/takos-encrypt-ink@0.3.1-unstable": {
        "integrity": "42b7a3b362b01abb76acfd1e42fbe1df056b0d02cb33f3ccaefc16da0cb99323",
        "dependencies": [
          "npm:base64-arraybuffer@^1.0.2"
        ]
      },
      "@takos/takos-encrypt-ink@0.3.2-unstable": {
        "integrity": "7b53a510302007e6d3770f47fe05f1a97d8ed3740b6a20566072efe554805a9c",
        "dependencies": [
          "npm:base64-arraybuffer@^1.0.2"
        ]
      },
      "@takos/takos-encrypt-ink@1.2.3": {
        "integrity": "b1cefcfcf81007964a6cb791cfc5db7338529fa2417abfd6dcf6b7fcda63f6f6",
        "dependencies": [
          "npm:base64-arraybuffer@^1.0.2",
          "npm:crystals-kyber@^5.1.0",
          "npm:dilithium-crystals@^1.0.6"
        ]
      }
    },
    "npm": {
      "@mongodb-js/saslprep@1.1.8": {
        "integrity": "sha512-qKwC/M/nNNaKUBMQ0nuzm47b7ZYWQHN3pcXq4IIcoSBc2hOIrflAxJduIvvqmhoz3gR2TacTAs8vlsCVPkiEdQ==",
        "dependencies": {
          "sparse-bitfield": "sparse-bitfield@3.0.3"
        }
      },
      "@redis/bloom@1.2.0_@redis+client@1.6.0": {
        "integrity": "sha512-HG2DFjYKbpNmVXsa0keLHp/3leGJz1mjh09f2RLGGLQZzSHpkmZWuwJbAvo3QcRY8p80m5+ZdXZdYOSBLlp7Cg==",
        "dependencies": {
          "@redis/client": "@redis/client@1.6.0"
        }
      },
      "@redis/client@1.6.0": {
        "integrity": "sha512-aR0uffYI700OEEH4gYnitAnv3vzVGXCFvYfdpu/CJKvk4pHfLPEy/JSZyrpQ+15WhXe1yJRXLtfQ84s4mEXnPg==",
        "dependencies": {
          "cluster-key-slot": "cluster-key-slot@1.1.2",
          "generic-pool": "generic-pool@3.9.0",
          "yallist": "yallist@4.0.0"
        }
      },
      "@redis/graph@1.1.1_@redis+client@1.6.0": {
        "integrity": "sha512-FEMTcTHZozZciLRl6GiiIB4zGm5z5F3F6a6FZCyrfxdKOhFlGkiAqlexWMBzCi4DcRoyiOsuLfW+cjlGWyExOw==",
        "dependencies": {
          "@redis/client": "@redis/client@1.6.0"
        }
      },
      "@redis/json@1.0.7_@redis+client@1.6.0": {
        "integrity": "sha512-6UyXfjVaTBTJtKNG4/9Z8PSpKE6XgSyEb8iwaqDcy+uKrd/DGYHTWkUdnQDyzm727V7p21WUMhsqz5oy65kPcQ==",
        "dependencies": {
          "@redis/client": "@redis/client@1.6.0"
        }
      },
      "@redis/search@1.2.0_@redis+client@1.6.0": {
        "integrity": "sha512-tYoDBbtqOVigEDMAcTGsRlMycIIjwMCgD8eR2t0NANeQmgK/lvxNAvYyb6bZDD4frHRhIHkJu2TBRvB0ERkOmw==",
        "dependencies": {
          "@redis/client": "@redis/client@1.6.0"
        }
      },
      "@redis/time-series@1.1.0_@redis+client@1.6.0": {
        "integrity": "sha512-c1Q99M5ljsIuc4YdaCwfUEXsofakb9c8+Zse2qxTadu8TalLXuAESzLvFAvNVbkmSlvlzIQOLpBCmWI9wTOt+g==",
        "dependencies": {
          "@redis/client": "@redis/client@1.6.0"
        }
      },
      "@types/node@18.16.19": {
        "integrity": "sha512-IXl7o+R9iti9eBW4Wg2hx1xQDig183jj7YLn8F7udNceyfkbn1ZxmzZXuak20gR40D7pIkIY1kYGx5VIGbaHKA==",
        "dependencies": {}
      },
      "@types/webidl-conversions@7.0.3": {
        "integrity": "sha512-CiJJvcRtIgzadHCYXw7dqEnMNRjhGZlYK05Mj9OyktqV8uVT8fD2BFOB7S1uwBE3Kj2Z+4UyPmFw/Ixgw/LAlA==",
        "dependencies": {}
      },
      "@types/whatwg-url@11.0.5": {
        "integrity": "sha512-coYR071JRaHa+xoEvvYqvnIHaVqaYrLPbsufM9BF63HkwI5Lgmy2QR8Q5K/lYDYo5AK82wOvSOS0UsLTpTG7uQ==",
        "dependencies": {
          "@types/webidl-conversions": "@types/webidl-conversions@7.0.3"
        }
      },
      "base64-arraybuffer@1.0.2": {
        "integrity": "sha512-I3yl4r9QB5ZRY3XuJVEPfc2XhZO6YweFPI+UovAzn+8/hb3oJ6lnysaFcjVpkCPfVWFUDvoZ8kmVDP7WyRtYtQ==",
        "dependencies": {}
      },
      "base64-js@1.5.1": {
        "integrity": "sha512-AKpaYlHn8t4SVbOHCy+b5+KKgvR4vrsD8vbvrbiQJps7fKDTkjkDry6ji0rUJjC0kzbNePLwzxq8iypo41qeWA==",
        "dependencies": {}
      },
      "bson@6.8.0": {
        "integrity": "sha512-iOJg8pr7wq2tg/zSlCCHMi3hMm5JTOxLTagf3zxhcenHsFp+c6uOs6K7W5UE7A4QIJGtqh/ZovFNMP4mOPJynQ==",
        "dependencies": {}
      },
      "buffer@6.0.3": {
        "integrity": "sha512-FTiCpNxtwiZZHEZbcbTIcZjERVICn9yq/pDFkTl95/AxzD1naBctN7YO68riM/gLSDY7sdrMby8hofADYuuqOA==",
        "dependencies": {
          "base64-js": "base64-js@1.5.1",
          "ieee754": "ieee754@1.2.1"
        }
      },
      "cluster-key-slot@1.1.2": {
        "integrity": "sha512-RMr0FhtfXemyinomL4hrWcYJxmX6deFdCxpJzhDttxgO1+bcCnkk+9drydLVDmAMG7NE6aN/fl4F7ucU/90gAA==",
        "dependencies": {}
      },
      "crystals-kyber@5.1.0": {
        "integrity": "sha512-ikM78yLEZbvOHpg+E6pkWAjpdr+YoSKMHzh9ErvJWDWSNc+Wk6YK23K9eSEKvz35aXepdpBj0BXEijdbKhcWjg==",
        "dependencies": {
          "sha3": "sha3@2.1.4"
        }
      },
      "debug@4.3.6": {
        "integrity": "sha512-O/09Bd4Z1fBrU4VzkhFqVgpPzaGbw6Sm9FEkBT1A/YBXQFGuuSxa1dN2nxgxS34JmKXqYx8CZAwEVoJFImUXIg==",
        "dependencies": {
          "ms": "ms@2.1.2"
        }
      },
      "dilithium-crystals@1.0.6": {
        "integrity": "sha512-zPMHDmr2l2A6ZU574cbwNn1AX1UkIIYcJTcN4DEycrKXtgqGp7kPYSpatzcEthTLEKwwYBWYyV6mO5HcBlZwyg==",
        "dependencies": {}
      },
      "generic-pool@3.9.0": {
        "integrity": "sha512-hymDOu5B53XvN4QT9dBmZxPX4CWhBPPLguTZ9MMFeFa/Kg0xWVfylOVNlJji/E7yTZWFd/q9GO5TxDLq156D7g==",
        "dependencies": {}
      },
      "ieee754@1.2.1": {
        "integrity": "sha512-dcyqhDvX1C46lXZcVqCpK+FtMRQVdIMN6/Df5js2zouUsqG7I6sFxitIC+7KYK29KdXOLHdu9zL4sFnoVQnqaA==",
        "dependencies": {}
      },
      "imagescript@1.3.0": {
        "integrity": "sha512-lCYzQrWzdnA68K03oMj/BUlBJrVBnslzDOgGFymAp49NmdGEJxGeN7sHh5mCva0nQkq+kkKSuru2zLf1m04+3A==",
        "dependencies": {}
      },
      "kareem@2.6.3": {
        "integrity": "sha512-C3iHfuGUXK2u8/ipq9LfjFfXFxAZMQJJq7vLS45r3D9Y2xQ/m4S8zaR4zMLFWh9AsNPXmcFfUDhTEO8UIC/V6Q==",
        "dependencies": {}
      },
      "ky@1.5.0": {
        "integrity": "sha512-bkQo+UqryW6Zmo/DsixYZE4Z9t2mzvNMhceyIhuMuInb3knm5Q+GNGMKveydJAj+Z6piN1SwI6eR/V0G+Z0BtA==",
        "dependencies": {}
      },
      "memory-pager@1.5.0": {
        "integrity": "sha512-ZS4Bp4r/Zoeq6+NLJpP+0Zzm0pR8whtGPf1XExKLJBAczGMnSi3It14OiNCStjQjM6NU1okjQGSxgEZN8eBYKg==",
        "dependencies": {}
      },
      "mongodb-connection-string-url@3.0.1": {
        "integrity": "sha512-XqMGwRX0Lgn05TDB4PyG2h2kKO/FfWJyCzYQbIhXUxz7ETt0I/FqHjUeqj37irJ+Dl1ZtU82uYyj14u2XsZKfg==",
        "dependencies": {
          "@types/whatwg-url": "@types/whatwg-url@11.0.5",
          "whatwg-url": "whatwg-url@13.0.0"
        }
      },
      "mongodb@6.7.0": {
        "integrity": "sha512-TMKyHdtMcO0fYBNORiYdmM25ijsHs+Njs963r4Tro4OQZzqYigAzYQouwWRg4OIaiLRUEGUh/1UAcH5lxdSLIA==",
        "dependencies": {
          "@mongodb-js/saslprep": "@mongodb-js/saslprep@1.1.8",
          "bson": "bson@6.8.0",
          "mongodb-connection-string-url": "mongodb-connection-string-url@3.0.1"
        }
      },
      "mongoose@8.5.2": {
        "integrity": "sha512-GZB4rHMdYfGatV+23IpCrqFbyCOjCNOHXgWbirr92KRwTEncBrtW3kgU9vmpKjsGf7nMmnAy06SwWUv1vhDkSg==",
        "dependencies": {
          "bson": "bson@6.8.0",
          "kareem": "kareem@2.6.3",
          "mongodb": "mongodb@6.7.0",
          "mpath": "mpath@0.9.0",
          "mquery": "mquery@5.0.0",
          "ms": "ms@2.1.3",
          "sift": "sift@17.1.3"
        }
      },
      "mpath@0.9.0": {
        "integrity": "sha512-ikJRQTk8hw5DEoFVxHG1Gn9T/xcjtdnOKIU1JTmGjZZlg9LST2mBLmcX3/ICIbgJydT2GOc15RnNy5mHmzfSew==",
        "dependencies": {}
      },
      "mquery@5.0.0": {
        "integrity": "sha512-iQMncpmEK8R8ncT8HJGsGc9Dsp8xcgYMVSbs5jgnm1lFHTZqMJTUWTDx1LBO8+mK3tPNZWFLBghQEIOULSTHZg==",
        "dependencies": {
          "debug": "debug@4.3.6"
        }
      },
      "ms@2.1.2": {
        "integrity": "sha512-sGkPx+VjMtmA6MX27oA4FBFELFCZZ4S4XqeGOXCv68tT+jb3vk/RyaKWP0PTKyWtmLSM0b+adUTEvbs1PEaH2w==",
        "dependencies": {}
      },
      "ms@2.1.3": {
        "integrity": "sha512-6FlzubTLZG3J2a/NVCAleEhjzq5oxgHyaCU9yYXvcLsvoVaHJq/s5xXI6/XXP6tz7R9xAOtHnSO/tXtF3WRTlA==",
        "dependencies": {}
      },
      "nodemailer@6.9.14": {
        "integrity": "sha512-Dobp/ebDKBvz91sbtRKhcznLThrKxKt97GI2FAlAyy+fk19j73Uz3sBXolVtmcXjaorivqsbbbjDY+Jkt4/bQA==",
        "dependencies": {}
      },
      "punycode@2.3.1": {
        "integrity": "sha512-vYt7UD1U9Wg6138shLtLOvdAu+8DsC/ilFtEVHcH+wydcSpNE20AfSOduf6MkRFahL5FY7X1oU7nKVZFtfq8Fg==",
        "dependencies": {}
      },
      "redis@4.7.0_@redis+client@1.6.0": {
        "integrity": "sha512-zvmkHEAdGMn+hMRXuMBtu4Vo5P6rHQjLoHftu+lBqq8ZTA3RCVC/WzD790bkKKiNFp7d5/9PcSD19fJyyRvOdQ==",
        "dependencies": {
          "@redis/bloom": "@redis/bloom@1.2.0_@redis+client@1.6.0",
          "@redis/client": "@redis/client@1.6.0",
          "@redis/graph": "@redis/graph@1.1.1_@redis+client@1.6.0",
          "@redis/json": "@redis/json@1.0.7_@redis+client@1.6.0",
          "@redis/search": "@redis/search@1.2.0_@redis+client@1.6.0",
          "@redis/time-series": "@redis/time-series@1.1.0_@redis+client@1.6.0"
        }
      },
      "sha3@2.1.4": {
        "integrity": "sha512-S8cNxbyb0UGUM2VhRD4Poe5N58gJnJsLJ5vC7FYWGUmGhcsj4++WaIOBFVDxlG0W3To6xBuiRh+i0Qp2oNCOtg==",
        "dependencies": {
          "buffer": "buffer@6.0.3"
        }
      },
      "sift@17.1.3": {
        "integrity": "sha512-Rtlj66/b0ICeFzYTuNvX/EF1igRbbnGSvEyT79McoZa/DeGhMyC5pWKOEsZKnpkqtSeovd5FL/bjHWC3CIIvCQ==",
        "dependencies": {}
      },
      "sparse-bitfield@3.0.3": {
        "integrity": "sha512-kvzhi7vqKTfkh0PZU+2D2PIllw2ymqJKujUcyPMd9Y75Nv4nPbGJZXNhxsgdQab2BmlDct1YnfQCguEvHr7VsQ==",
        "dependencies": {
          "memory-pager": "memory-pager@1.5.0"
        }
      },
      "tr46@4.1.1": {
        "integrity": "sha512-2lv/66T7e5yNyhAAC4NaKe5nVavzuGJQVVtRYLyQ2OI8tsJ61PMLlelehb0wi2Hx6+hT/OJUWZcw8MjlSRnxvw==",
        "dependencies": {
          "punycode": "punycode@2.3.1"
        }
      },
      "ui7@0.2.3": {
        "integrity": "sha512-WeCFU1VYtnvHy+QghHEfv8UezR/8ip600E0TQnIZ1dE/bkz4p5KW+Ysgrc3OmwDWawH5KBz2bjWiq0HoOlgzxA==",
        "dependencies": {}
      },
      "webidl-conversions@7.0.0": {
        "integrity": "sha512-VwddBukDzu71offAQR975unBIGqfKZpM+8ZX6ySk8nYhVoo5CYaZyzt3YBvYtRtO+aoGlqxPg/B87NGVZ/fu6g==",
        "dependencies": {}
      },
      "whatwg-url@13.0.0": {
        "integrity": "sha512-9WWbymnqj57+XEuqADHrCJ2eSXzn8WXIW/YSGaZtb2WKAInQ6CHfaUUcTyyver0p8BDg5StLQq8h1vtZuwmOig==",
        "dependencies": {
          "tr46": "tr46@4.1.1",
          "webidl-conversions": "webidl-conversions@7.0.0"
        }
      },
      "yallist@4.0.0": {
        "integrity": "sha512-3wdGidZyq5PB084XLES5TpOSRA3wjXAlIWMhum2kRcv/41Sn2emQ0dycQW4uZXLejwKvg6EsvbdlVL+FYEct7A==",
        "dependencies": {}
      }
    }
  },
  "remote": {},
  "workspace": {
    "dependencies": [
      "jsr:@hono/hono@^4.5.3",
      "jsr:@std/dotenv@^0.225.0",
      "jsr:@std/uuid@^1.0.0",
      "jsr:@takos/takos-encrypt-ink@^1.2.0",
      "jsr:@takos/takos-encrypt-ink@^1.2.3",
      "npm:imagescript@^1.3.0",
      "npm:ky@^1.5.0",
      "npm:mongoose@^8.5.2",
      "npm:nodemailer@^6.9.14",
      "npm:redis@^4.7.0",
      "npm:ui7@^0.2.3"
    ]
  }
}
