{
  "version": "5",
  "specifiers": {
    "jsr:@std/assert@*": "1.0.13",
    "jsr:@std/internal@^1.0.6": "1.0.6",
    "jsr:@zip-js/zip-js@^2.7.62": "2.7.62",
    "npm:b@*": "2.0.1",
    "npm:ba@*": "0.0.5",
    "npm:base64@*": "2.1.0",
    "npm:base6@*": "0.0.1",
    "npm:base@*": "3.0.0"
  },
  "jsr": {
    "@std/assert@1.0.13": {
      "integrity": "ae0d31e41919b12c656c742b22522c32fb26ed0cba32975cb0de2a273cb68b29",
      "dependencies": [
        "jsr:@std/internal"
      ]
    },
    "@std/internal@1.0.6": {
      "integrity": "9533b128f230f73bd209408bb07a4b12f8d4255ab2a4d22a1fd6d87304aca9a4"
    },
    "@zip-js/zip-js@2.7.62": {
      "integrity": "11cbe0746fa1e52e6e0a601c89ba97365f16e38a07f139b9d9914f988aec9081"
    }
  },
  "npm": {
    "@sellside/emitter@1.2.1": {
      "integrity": "sha512-P1rUad4vDnp4d5HB7NEJ/MDf4zg3pM2Q8ZXJ2xgGkGo5yckyDn56YPAvUGH+1VsOud5dbli8MZu14j/EcNZCGw=="
    },
    "arr-union@3.1.0": {
      "integrity": "sha512-sKpyeERZ02v1FeCZT8lrfJq5u6goHCtpTAzPwJYe7c8SPFOboNjNg1vz2L4VTn9T4PQxEx13TbXLmYUcS6Ug7Q=="
    },
    "assign-symbols@1.0.0": {
      "integrity": "sha512-Q+JC7Whu8HhmTdBph/Tq59IoRtoy6KAm5zzPv00WdujX82lbAL8K7WVjne7vdCsAmbF4AYaDOPyO3k0kl8qIrw=="
    },
    "b@2.0.1": {
      "integrity": "sha512-JBWAj6f91ocNLbdg1jCGrxHXSWbQDsxgqVmKeO0TellEcq9LCvJ97iWG6p3otCt/v08/hHrWwAB9vNYS9y70IQ=="
    },
    "ba@0.0.5": {
      "integrity": "sha512-n1dOi02tuCCR5uT3Zq/o0QLq7XnapCJYLLyrtjMlmb1/eZy5LYIUGp3pVk5OZcv2gfdyi5MXZ6GEdluSfpiBig==",
      "dependencies": [
        "cli"
      ],
      "bin": true
    },
    "base64@2.1.0": {
      "integrity": "sha512-OMwRpdU6gPEjeru59uEBDxIho/QkyqPQVLg07pFcqzGcw2cGQ0ZCnxfL8l4+6u9YDf4ai1ut2kvhLQsk670aPA==",
      "scripts": true
    },
    "base6@0.0.1": {
      "integrity": "sha512-ahgiHVX2WE4MkXyMnHNWx9+00NchnWYYFCLn5tbZ3GvGZzql3RArIexq5pkvekwfm4GDx1sS74/n9AALUSXk5g==",
      "dependencies": [
        "key.val"
      ]
    },
    "base@3.0.0": {
      "integrity": "sha512-r2saQUT6pw+ghTxWd70AmNRF0Xc4m6xPWISuL3+p4inZm+uA8vE1gX6Lub47hI9csIONq9i/bU+wtntzk+7XoQ==",
      "dependencies": [
        "cache-base",
        "define-property",
        "kind-of",
        "mixin-deep",
        "pascalcase"
      ]
    },
    "cache-base@4.0.2": {
      "integrity": "sha512-8alOavARe1mRna8xw6iSy3qClvWYLis1ZMKnqXD+xOL0Ly93k021OlzH6k4ZionPHo9iAmpqWpx6eSxDsHLw6g==",
      "dependencies": [
        "@sellside/emitter",
        "collection-visit",
        "get-value@3.0.1",
        "has-own-deep",
        "kind-of",
        "set-value@4.1.0",
        "union-value",
        "unset-value"
      ]
    },
    "cli@0.3.6": {
      "integrity": "sha512-pkpbZfMM4vG4qlkujkBIy/sLDfk9f07GN2vcssb9WuQDLfvg2wpxPmhNoFyZ7WQIfqdQM3ZniAuyqUO7dS4Ssg=="
    },
    "collection-visit@1.0.0": {
      "integrity": "sha512-lNkKvzEeMBBjUGHZ+q6z9pSJla0KWAQPvtzhEV9+iGyQYG+pBpl7xKDhxoNSOZH2hhv0v5k0y2yAM4o4SjoSkw==",
      "dependencies": [
        "map-visit",
        "object-visit"
      ]
    },
    "define-property@2.0.2": {
      "integrity": "sha512-jwK2UV4cnPpbcG7+VRARKTZPUWowwXA8bzH5NP6ud0oeAxyYPuGZUAC7hMugpCdz4BeSZl2Dl9k66CHJ/46ZYQ==",
      "dependencies": [
        "is-descriptor",
        "isobject@3.0.1"
      ]
    },
    "extend-shallow@2.0.1": {
      "integrity": "sha512-zCnTtlxNoAiDc3gqY2aYAWFx7XWWiasuF2K8Me5WbN8otHKTUKBwjPtNpRs/rbUZm7KxWAaNj7P1a/p52GbVug==",
      "dependencies": [
        "is-extendable@0.1.1"
      ]
    },
    "extend-shallow@3.0.2": {
      "integrity": "sha512-BwY5b5Ql4+qZoefgMj2NUmx+tehVTH/Kf4k1ZEtOHNFcm2wSxMRo992l6X3TIgni2eZVTZ85xMOjF31fwZAj6Q==",
      "dependencies": [
        "assign-symbols",
        "is-extendable@1.0.1"
      ]
    },
    "for-in@1.0.2": {
      "integrity": "sha512-7EwmXrOjyL+ChxMhmG5lnW9MPt1aIeZEwKhQzoBUdTV0N3zuwWDZYVJatDvZ2OyzPUvdIAZDsCetk3coyMfcnQ=="
    },
    "function-bind@1.1.2": {
      "integrity": "sha512-7XHNxH7qX9xG5mIwxkhumTox/MIRNcOgDrxWsMt2pAr23WHp6MrRlN7FBSFpCpr+oVO0F744iUgR82nJMfG2SA=="
    },
    "get-value@2.0.6": {
      "integrity": "sha512-Ln0UQDlxH1BapMu3GPtf7CuYNwRZf2gwCuPqbyG6pB8WfmFpzqcy4xtAaAMUhnNqjMKTiCPZG2oMT3YSx8U2NA=="
    },
    "get-value@3.0.1": {
      "integrity": "sha512-mKZj9JLQrwMBtj5wxi6MH8Z5eSKaERpAwjg43dPtlGI1ZVEgH/qC7T8/6R2OBSUA+zzHBZgICsVJaEIV2tKTDA==",
      "dependencies": [
        "isobject@3.0.1"
      ]
    },
    "has-own-deep@1.1.0": {
      "integrity": "sha512-L/DJZjD6am57lgeULwqH2S1G9MDUltYLC/qkY18sFIphd/6ONhZJq+SSlCBniPoT2BS73t1O3sgepbDIZly3gg==",
      "dependencies": [
        "isobject@3.0.1"
      ]
    },
    "has-value@0.3.1": {
      "integrity": "sha512-gpG936j8/MzaeID5Yif+577c17TxaDmhuyVgSwtnL/q8UUTySg8Mecb+8Cf1otgLoD7DDH75axp86ER7LFsf3Q==",
      "dependencies": [
        "get-value@2.0.6",
        "has-values",
        "isobject@2.1.0"
      ]
    },
    "has-values@0.1.4": {
      "integrity": "sha512-J8S0cEdWuQbqD9//tlZxiMuMNmxB8PlEwvYwuxsTmR1G5RXUePEX/SJn7aD0GMLieuZYSwNH0cQuJGwnYunXRQ=="
    },
    "hasown@2.0.2": {
      "integrity": "sha512-0hJU9SCPvmMzIBdZFqNPXWa6dqh7WdH0cII9y+CyS8rG3nL48Bclra9HmKhVVUHyPWNH5Y7xDwAB7bfgSjkUMQ==",
      "dependencies": [
        "function-bind"
      ]
    },
    "is-accessor-descriptor@1.0.1": {
      "integrity": "sha512-YBUanLI8Yoihw923YeFUS5fs0fF2f5TSFTNiYAAzhhDscDa3lEqYuz1pDOEP5KvX94I9ey3vsqjJcLVFVU+3QA==",
      "dependencies": [
        "hasown"
      ]
    },
    "is-data-descriptor@1.0.1": {
      "integrity": "sha512-bc4NlCDiCr28U4aEsQ3Qs2491gVq4V8G7MQyws968ImqjKuYtTJXrl7Vq7jsN7Ly/C3xj5KWFrY7sHNeDkAzXw==",
      "dependencies": [
        "hasown"
      ]
    },
    "is-descriptor@1.0.3": {
      "integrity": "sha512-JCNNGbwWZEVaSPtS45mdtrneRWJFp07LLmykxeFV5F6oBvNF8vHSfJuJgoT472pSfk+Mf8VnlrspaFBHWM8JAw==",
      "dependencies": [
        "is-accessor-descriptor",
        "is-data-descriptor"
      ]
    },
    "is-extendable@0.1.1": {
      "integrity": "sha512-5BMULNob1vgFX6EjQw5izWDxrecWK9AM72rugNr0TFldMOi0fj6Jk+zeKIt0xGj4cEfQIJth4w3OKWOJ4f+AFw=="
    },
    "is-extendable@1.0.1": {
      "integrity": "sha512-arnXMxT1hhoKo9k1LZdmlNyJdDDfy2v0fXjFlmok4+i8ul/6WlbVge9bhM74OpNPQPMGUToDtz+KXa1PneJxOA==",
      "dependencies": [
        "is-plain-object"
      ]
    },
    "is-plain-object@2.0.4": {
      "integrity": "sha512-h5PpgXkWitc38BBMYawTYMWJHFZJVnBquFE57xFpjB8pJFiF6gZ+bU+WyI/yqXiFR5mdLsgYNaPe8uao6Uv9Og==",
      "dependencies": [
        "isobject@3.0.1"
      ]
    },
    "is-primitive@3.0.1": {
      "integrity": "sha512-GljRxhWvlCNRfZyORiH77FwdFwGcMO620o37EOYC0ORWdq+WYNVqW0w2Juzew4M+L81l6/QS3t5gkkihyRqv9w=="
    },
    "isarray@1.0.0": {
      "integrity": "sha512-VLghIWNM6ELQzo7zwmcg0NmTVyWKYjvIeM83yjp0wRDTmUnrM678fQbcKBo6n2CJEF0szoG//ytg+TKla89ALQ=="
    },
    "isobject@2.1.0": {
      "integrity": "sha512-+OUdGJlgjOBZDfxnDjYYG6zp487z0JGNQq3cYQYg5f5hKR+syHMsaztzGeml/4kGG55CSpKSpWTY+jYGgsHLgA==",
      "dependencies": [
        "isarray"
      ]
    },
    "isobject@3.0.1": {
      "integrity": "sha512-WhB9zCku7EGTj/HQQRz5aUQEUeoQZH2bWcltRErOpymJ4boYE6wL9Tbr23krRPSZ+C5zqNSrSw+Cc7sZZ4b7vg=="
    },
    "key.val@0.1.5": {
      "integrity": "sha512-1Qqjt4ypv7WtbE9hjNccliQr92WGA9zXeSxg/S/Dl+Fn41uiXBfGCkusU2XYitStmqum1bMigJhSomXo+r66lA=="
    },
    "kind-of@6.0.3": {
      "integrity": "sha512-dcS1ul+9tmeD95T+x28/ehLgd9mENa3LsvDTtzm3vyBEO7RPptvAD+t44WVXaUjTBRcrpFeFlC8WCruUR456hw=="
    },
    "map-visit@1.0.0": {
      "integrity": "sha512-4y7uGv8bd2WdM9vpQsiQNo41Ln1NvhvDRuVt0k2JZQ+ezN2uaQes7lZeZ+QQUHOLQAtDaBJ+7wCbi+ab/KFs+w==",
      "dependencies": [
        "object-visit"
      ]
    },
    "mixin-deep@1.3.2": {
      "integrity": "sha512-WRoDn//mXBiJ1H40rqa3vH0toePwSsGb45iInWlTySa+Uu4k3tYUSxa2v1KqAiLtvlrSzaExqS1gtk96A9zvEA==",
      "dependencies": [
        "for-in",
        "is-extendable@1.0.1"
      ]
    },
    "object-visit@1.0.1": {
      "integrity": "sha512-GBaMwwAVK9qbQN3Scdo0OyvgPW7l3lnaVMj84uTOZlswkX0KpF6fyDBJhtTthf7pymztoN36/KEr1DyhF96zEA==",
      "dependencies": [
        "isobject@3.0.1"
      ]
    },
    "pascalcase@0.1.1": {
      "integrity": "sha512-XHXfu/yOQRy9vYOtUDVMN60OEJjW013GoObG1o+xwQTpB9eYJX/BjXMsdW13ZDPruFhYYn0AG22w0xgQMwl3Nw=="
    },
    "set-value@2.0.1": {
      "integrity": "sha512-JxHc1weCN68wRY0fhCoXpyK55m/XPHafOmK4UWD7m2CI14GMcFypt4w/0+NV5f/ZMby2F6S2wwA7fgynh9gWSw==",
      "dependencies": [
        "extend-shallow@2.0.1",
        "is-extendable@0.1.1",
        "is-plain-object",
        "split-string"
      ]
    },
    "set-value@4.1.0": {
      "integrity": "sha512-zTEg4HL0RwVrqcWs3ztF+x1vkxfm0lP+MQQFPiMJTKVceBwEV0A569Ou8l9IYQG8jOZdMVI1hGsc0tmeD2o/Lw==",
      "dependencies": [
        "is-plain-object",
        "is-primitive"
      ]
    },
    "split-string@3.1.0": {
      "integrity": "sha512-NzNVhJDYpwceVVii8/Hu6DKfD2G+NrQHlS/V/qgv763EYudVwEcMQNxd2lh+0VrUByXN/oJkl5grOhYWvQUYiw==",
      "dependencies": [
        "extend-shallow@3.0.2"
      ]
    },
    "union-value@1.0.1": {
      "integrity": "sha512-tJfXmxMeWYnczCVs7XAEvIV7ieppALdyepWMkHkwciRpZraG/xwT+s2JN8+pr1+8jCRf80FFzvr+MpQeeoF4Xg==",
      "dependencies": [
        "arr-union",
        "get-value@2.0.6",
        "is-extendable@0.1.1",
        "set-value@2.0.1"
      ]
    },
    "unset-value@1.0.0": {
      "integrity": "sha512-PcA2tsuGSF9cnySLHTLSh2qrQiJ70mn+r+Glzxv2TWZblxsxCC52BDlZoPCsz7STd9pN7EZetkWZBAvk4cgZdQ==",
      "dependencies": [
        "has-value",
        "isobject@3.0.1"
      ]
    }
  },
  "workspace": {
    "dependencies": [
      "jsr:@zip-js/zip-js@^2.7.62"
    ]
  }
}
