{
  "version": "5",
  "specifiers": {
    "jsr:@std/assert@1": "1.0.13",
    "jsr:@std/internal@^1.0.6": "1.0.9",
    "npm:hono@^4.8.4": "4.8.4"
  },
  "jsr": {
    "@std/assert@1.0.13": {
      "integrity": "ae0d31e41919b12c656c742b22522c32fb26ed0cba32975cb0de2a273cb68b29",
      "dependencies": [
        "jsr:@std/internal"
      ]
    },
    "@std/internal@1.0.9": {
      "integrity": "bdfb97f83e4db7a13e8faab26fb1958d1b80cc64366501af78a0aee151696eb8"
    }
  },
  "npm": {
    "hono@4.8.4": {
      "integrity": "sha512-KOIBp1+iUs0HrKztM4EHiB2UtzZDTBihDtOF5K6+WaJjCPeaW4Q92R8j63jOhvJI5+tZSMuKD9REVEXXY9illg=="
    }
  },
  "workspace": {
    "dependencies": [
      "jsr:@std/assert@1",
      "npm:hono@^4.8.4"
    ]
  }
}
