{
  "version": "5",
  "specifiers": {
    "jsr:@std/assert@1": "1.0.14",
    "jsr:@std/dotenv@*": "0.225.5",
    "jsr:@std/dotenv@~0.225.5": "0.225.5",
    "jsr:@std/fs@*": "1.0.19",
    "jsr:@std/fs@^1.0.18": "1.0.19",
    "jsr:@std/internal@^1.0.10": "1.0.10",
    "jsr:@std/internal@^1.0.9": "1.0.10",
    "jsr:@std/path@*": "1.1.2",
    "jsr:@std/path@^1.1.0": "1.1.2",
    "jsr:@std/path@^1.1.1": "1.1.2",
    "jsr:@std/streams@*": "1.0.10",
    "npm:@hono/zod-validator@0.7": "0.7.1_hono@4.9.1_zod@3.25.76",
    "npm:@motionone/solid@^10.16.4": "10.16.4_solid-js@1.9.7__seroval@1.3.2",
    "npm:@types/node@*": "22.15.15",
    "npm:hono@^4.8.4": "4.9.1",
    "npm:mongodb@^6.17.0": "6.18.0",
    "npm:mongoose@^8.16.4": "8.17.1",
    "npm:nodemailer@^6.9.11": "6.10.1",
    "npm:solid-app-router@~0.4.2": "0.4.2_solid-js@1.9.7__seroval@1.3.2",
    "npm:zod@^3.25.56": "3.25.76"
  },
  "jsr": {
    "@std/assert@1.0.14": {
      "integrity": "68d0d4a43b365abc927f45a9b85c639ea18a9fab96ad92281e493e4ed84abaa4",
      "dependencies": [
        "jsr:@std/internal@^1.0.10"
      ]
    },
    "@std/dotenv@0.225.5": {
      "integrity": "9ce6f9d0ec3311f74a32535aa1b8c62ed88b1ab91b7f0815797d77a6f60c922f"
    },
    "@std/fs@1.0.19": {
      "integrity": "051968c2b1eae4d2ea9f79a08a3845740ef6af10356aff43d3e2ef11ed09fb06",
      "dependencies": [
        "jsr:@std/internal@^1.0.9",
        "jsr:@std/path@^1.1.1"
      ]
    },
    "@std/internal@1.0.10": {
      "integrity": "e3be62ce42cab0e177c27698e5d9800122f67b766a0bea6ca4867886cbde8cf7"
    },
    "@std/path@1.1.2": {
      "integrity": "c0b13b97dfe06546d5e16bf3966b1cadf92e1cc83e56ba5476ad8b498d9e3038",
      "dependencies": [
        "jsr:@std/internal@^1.0.10"
      ]
    },
    "@std/streams@1.0.10": {
      "integrity": "75c0b1431873cd0d8b3d679015220204d36d3c7420d93b60acfc379eb0dc30af"
    }
  },
  "npm": {
    "@hono/zod-validator@0.7.1_hono@4.9.1_zod@3.25.76": {
      "integrity": "sha512-8+vJT1RvezAx5sN7hiZ5Mis0RMuFL77nBEcqQQgT9ufoLkxr+7ll461WlBJQcGoQSY6EGMClVae19v3s/7bbgQ==",
      "dependencies": [
        "hono",
        "zod"
      ]
    },
    "@hpke/common@1.8.1": {
      "integrity": "sha512-PSI4QSxH8XDli0TqAsWycVfrLLCM/bBe+hVlJwtuJJiKIvCaFS3CXX/WtRfJceLJye9NHc2J7GvHVCY9B1BEbA=="
    },
    "@hpke/core@1.7.4": {
      "integrity": "sha512-1BfPQB7unq/tNx7eznmoFgmJlMFnymdLNNt2CQX/L8oYOfmc1+cFEItpXZ90mgthW7tB2oksy/G7Xh1t569qzA==",
      "dependencies": [
        "@hpke/common"
      ]
    },
    "@mongodb-js/saslprep@1.3.0": {
      "integrity": "sha512-zlayKCsIjYb7/IdfqxorK5+xUMyi4vOKcFy10wKJYc63NSdKI8mNME+uJqfatkPmOSMMUiojrL58IePKBm3gvQ==",
      "dependencies": [
        "sparse-bitfield"
      ]
    },
    "@motionone/animation@10.18.0": {
      "integrity": "sha512-9z2p5GFGCm0gBsZbi8rVMOAJCtw1WqBTIPw3ozk06gDvZInBPIsQcHgYogEJ4yuHJ+akuW8g1SEIOpTOvYs8hw==",
      "dependencies": [
        "@motionone/easing",
        "@motionone/types",
        "@motionone/utils",
        "tslib"
      ]
    },
    "@motionone/dom@10.18.0": {
      "integrity": "sha512-bKLP7E0eyO4B2UaHBBN55tnppwRnaE3KFfh3Ps9HhnAkar3Cb69kUCJY9as8LrccVYKgHA+JY5dOQqJLOPhF5A==",
      "dependencies": [
        "@motionone/animation",
        "@motionone/generators",
        "@motionone/types",
        "@motionone/utils",
        "hey-listen",
        "tslib"
      ]
    },
    "@motionone/easing@10.18.0": {
      "integrity": "sha512-VcjByo7XpdLS4o9T8t99JtgxkdMcNWD3yHU/n6CLEz3bkmKDRZyYQ/wmSf6daum8ZXqfUAgFeCZSpJZIMxaCzg==",
      "dependencies": [
        "@motionone/utils",
        "tslib"
      ]
    },
    "@motionone/generators@10.18.0": {
      "integrity": "sha512-+qfkC2DtkDj4tHPu+AFKVfR/C30O1vYdvsGYaR13W/1cczPrrcjdvYCj0VLFuRMN+lP1xvpNZHCRNM4fBzn1jg==",
      "dependencies": [
        "@motionone/types",
        "@motionone/utils",
        "tslib"
      ]
    },
    "@motionone/solid@10.16.4_solid-js@1.9.7__seroval@1.3.2": {
      "integrity": "sha512-xS3vDhWgTB7xdSYnOTs69Ai09WWjuG6bbz2E+NjP7DswD3X2jLZNNTFmf8GTGhj7UeFHiZgtERIjvpGgZTuEiQ==",
      "dependencies": [
        "@motionone/dom",
        "@motionone/utils",
        "@solid-primitives/props",
        "@solid-primitives/refs",
        "@solid-primitives/transition-group",
        "solid-js"
      ],
      "deprecated": true
    },
    "@motionone/types@10.17.1": {
      "integrity": "sha512-KaC4kgiODDz8hswCrS0btrVrzyU2CSQKO7Ps90ibBVSQmjkrt2teqta6/sOG59v7+dPnKMAg13jyqtMKV2yJ7A=="
    },
    "@motionone/utils@10.18.0": {
      "integrity": "sha512-3XVF7sgyTSI2KWvTf6uLlBJ5iAgRgmvp3bpuOiQJvInd4nZ19ET8lX5unn30SlmRH7hXbBbH+Gxd0m0klJ3Xtw==",
      "dependencies": [
        "@motionone/types",
        "hey-listen",
        "tslib"
      ]
    },
    "@solid-primitives/props@3.2.2_solid-js@1.9.7__seroval@1.3.2": {
      "integrity": "sha512-lZOTwFJajBrshSyg14nBMEP0h8MXzPowGO0s3OeiR3z6nXHTfj0FhzDtJMv+VYoRJKQHG2QRnJTgCzK6erARAw==",
      "dependencies": [
        "@solid-primitives/utils",
        "solid-js"
      ]
    },
    "@solid-primitives/refs@1.1.2_solid-js@1.9.7__seroval@1.3.2": {
      "integrity": "sha512-K7tf2thy7L+YJjdqXspXOg5xvNEOH8tgEWsp0+1mQk3obHBRD6hEjYZk7p7FlJphSZImS35je3UfmWuD7MhDfg==",
      "dependencies": [
        "@solid-primitives/utils",
        "solid-js"
      ]
    },
    "@solid-primitives/transition-group@1.1.2_solid-js@1.9.7__seroval@1.3.2": {
      "integrity": "sha512-gnHS0OmcdjeoHN9n7Khu8KNrOlRc8a2weETDt2YT6o1zeW/XtUC6Db3Q9pkMU/9cCKdEmN4b0a/41MKAHRhzWA==",
      "dependencies": [
        "solid-js"
      ]
    },
    "@solid-primitives/utils@6.3.2_solid-js@1.9.7__seroval@1.3.2": {
      "integrity": "sha512-hZ/M/qr25QOCcwDPOHtGjxTD8w2mNyVAYvcfgwzBHq2RwNqHNdDNsMZYap20+ruRwW4A3Cdkczyoz0TSxLCAPQ==",
      "dependencies": [
        "solid-js"
      ]
    },
    "@types/node@22.15.15": {
      "integrity": "sha512-R5muMcZob3/Jjchn5LcO8jdKwSCbzqmPB6ruBxMcf9kbxtniZHP327s6C37iOfuw8mbKK3cAQa7sEl7afLrQ8A==",
      "dependencies": [
        "undici-types"
      ]
    },
    "@types/webidl-conversions@7.0.3": {
      "integrity": "sha512-CiJJvcRtIgzadHCYXw7dqEnMNRjhGZlYK05Mj9OyktqV8uVT8fD2BFOB7S1uwBE3Kj2Z+4UyPmFw/Ixgw/LAlA=="
    },
    "@types/whatwg-url@11.0.5": {
      "integrity": "sha512-coYR071JRaHa+xoEvvYqvnIHaVqaYrLPbsufM9BF63HkwI5Lgmy2QR8Q5K/lYDYo5AK82wOvSOS0UsLTpTG7uQ==",
      "dependencies": [
        "@types/webidl-conversions"
      ]
    },
    "bson@6.10.4": {
      "integrity": "sha512-WIsKqkSC0ABoBJuT1LEX+2HEvNmNKKgnTAyd0fL8qzK4SH2i9NXg+t08YtdZp/V9IZ33cxe3iV4yM0qg8lMQng=="
    },
    "csstype@3.1.3": {
      "integrity": "sha512-M1uQkMl8rQK/szD0LNhtqxIPLpimGm8sOBwU7lLnCpSbTyY3yeU1Vc7l4KT5zT4s/yOxHH5O7tIuuLOCnLADRw=="
    },
    "debug@4.4.1": {
      "integrity": "sha512-KcKCqiftBJcZr++7ykoDIEwSa3XWowTfNPo92BYxjXiyYEVrUQh2aLyhxBCwww+heortUFxEJYcRzosstTEBYQ==",
      "dependencies": [
        "ms"
      ]
    },
    "hey-listen@1.0.8": {
      "integrity": "sha512-COpmrF2NOg4TBWUJ5UVyaCU2A88wEMkUPK4hNqyCkqHbxT92BbvfjoSozkAIIm6XhicGlJHhFdullInrdhwU8Q=="
    },
    "hono@4.9.1": {
      "integrity": "sha512-qfvdJ42t6CQE0N/iSCa8KsW8SQqYD67YB+TYbwPHlnALvX+s7ynh8otR1NEk5jXtUg73gpV/B82OSufDmwtX3w=="
    },
    "kareem@2.6.3": {
      "integrity": "sha512-C3iHfuGUXK2u8/ipq9LfjFfXFxAZMQJJq7vLS45r3D9Y2xQ/m4S8zaR4zMLFWh9AsNPXmcFfUDhTEO8UIC/V6Q=="
    },
    "memory-pager@1.5.0": {
      "integrity": "sha512-ZS4Bp4r/Zoeq6+NLJpP+0Zzm0pR8whtGPf1XExKLJBAczGMnSi3It14OiNCStjQjM6NU1okjQGSxgEZN8eBYKg=="
    },
    "mongodb-connection-string-url@3.0.2": {
      "integrity": "sha512-rMO7CGo/9BFwyZABcKAWL8UJwH/Kc2x0g72uhDWzG48URRax5TCIcJ7Rc3RZqffZzO/Gwff/jyKwCU9TN8gehA==",
      "dependencies": [
        "@types/whatwg-url",
        "whatwg-url"
      ]
    },
    "mongodb@6.18.0": {
      "integrity": "sha512-fO5ttN9VC8P0F5fqtQmclAkgXZxbIkYRTUi1j8JO6IYwvamkhtYDilJr35jOPELR49zqCJgXZWwCtW7B+TM8vQ==",
      "dependencies": [
        "@mongodb-js/saslprep",
        "bson",
        "mongodb-connection-string-url"
      ]
    },
    "mongoose@8.17.1": {
      "integrity": "sha512-aodS4cacux5caoxB5ErEwRmrafIUsVRJxHnvP7URnSUnTenr32j1qBVV+KjYxryyLSisQkxglAFF69TNLeZTLg==",
      "dependencies": [
        "bson",
        "kareem",
        "mongodb",
        "mpath",
        "mquery",
        "ms",
        "sift"
      ]
    },
    "mpath@0.9.0": {
      "integrity": "sha512-ikJRQTk8hw5DEoFVxHG1Gn9T/xcjtdnOKIU1JTmGjZZlg9LST2mBLmcX3/ICIbgJydT2GOc15RnNy5mHmzfSew=="
    },
    "mquery@5.0.0": {
      "integrity": "sha512-iQMncpmEK8R8ncT8HJGsGc9Dsp8xcgYMVSbs5jgnm1lFHTZqMJTUWTDx1LBO8+mK3tPNZWFLBghQEIOULSTHZg==",
      "dependencies": [
        "debug"
      ]
    },
    "ms@2.1.3": {
      "integrity": "sha512-6FlzubTLZG3J2a/NVCAleEhjzq5oxgHyaCU9yYXvcLsvoVaHJq/s5xXI6/XXP6tz7R9xAOtHnSO/tXtF3WRTlA=="
    },
    "nodemailer@6.10.1": {
      "integrity": "sha512-Z+iLaBGVaSjbIzQ4pX6XV41HrooLsQ10ZWPUehGmuantvzWoDVBnmsdUcOIDM1t+yPor5pDhVlDESgOMEGxhHA=="
    },
    "punycode@2.3.1": {
      "integrity": "sha512-vYt7UD1U9Wg6138shLtLOvdAu+8DsC/ilFtEVHcH+wydcSpNE20AfSOduf6MkRFahL5FY7X1oU7nKVZFtfq8Fg=="
    },
    "seroval-plugins@1.3.2_seroval@1.3.2": {
      "integrity": "sha512-0QvCV2lM3aj/U3YozDiVwx9zpH0q8A60CTWIv4Jszj/givcudPb48B+rkU5D51NJ0pTpweGMttHjboPa9/zoIQ==",
      "dependencies": [
        "seroval"
      ]
    },
    "seroval@1.3.2": {
      "integrity": "sha512-RbcPH1n5cfwKrru7v7+zrZvjLurgHhGyso3HTyGtRivGWgYjbOmGuivCQaORNELjNONoK35nj28EoWul9sb1zQ=="
    },
    "sift@17.1.3": {
      "integrity": "sha512-Rtlj66/b0ICeFzYTuNvX/EF1igRbbnGSvEyT79McoZa/DeGhMyC5pWKOEsZKnpkqtSeovd5FL/bjHWC3CIIvCQ=="
    },
    "solid-app-router@0.4.2_solid-js@1.9.7__seroval@1.3.2": {
      "integrity": "sha512-+NrLcmqYssx8DcbpcLBaYPqfTRtS+rkfbxMhLH8MHfTcTkdZfrkWQK7lsUvuPCebGEzfaPZJvHqBwhPrCXAmxg==",
      "dependencies": [
        "solid-js"
      ]
    },
    "solid-js@1.9.7_seroval@1.3.2": {
      "integrity": "sha512-/saTKi8iWEM233n5OSi1YHCCuh66ZIQ7aK2hsToPe4tqGm7qAejU1SwNuTPivbWAYq7SjuHVVYxxuZQNRbICiw==",
      "dependencies": [
        "csstype",
        "seroval",
        "seroval-plugins"
      ]
    },
    "sparse-bitfield@3.0.3": {
      "integrity": "sha512-kvzhi7vqKTfkh0PZU+2D2PIllw2ymqJKujUcyPMd9Y75Nv4nPbGJZXNhxsgdQab2BmlDct1YnfQCguEvHr7VsQ==",
      "dependencies": [
        "memory-pager"
      ]
    },
    "tr46@5.1.1": {
      "integrity": "sha512-hdF5ZgjTqgAntKkklYw0R03MG2x/bSzTtkxmIRw/sTNV8YXsCJ1tfLAX23lhxhHJlEf3CRCOCGGWw3vI3GaSPw==",
      "dependencies": [
        "punycode"
      ]
    },
    "tslib@2.8.1": {
      "integrity": "sha512-oJFu94HQb+KVduSUQL7wnpmqnfmLsOA/nAh6b6EH0wCEoK0/mPeXU6c3wKDV83MkOuHPRHtSXKKU99IBazS/2w=="
    },
    "undici-types@6.21.0": {
      "integrity": "sha512-iwDZqg0QAGrg9Rav5H4n0M64c3mkR59cJ6wQp+7C4nI0gsmExaedaYLNO44eT4AtBBwjbTiGPMlt2Md0T9H9JQ=="
    },
    "webidl-conversions@7.0.0": {
      "integrity": "sha512-VwddBukDzu71offAQR975unBIGqfKZpM+8ZX6ySk8nYhVoo5CYaZyzt3YBvYtRtO+aoGlqxPg/B87NGVZ/fu6g=="
    },
    "whatwg-url@14.2.0": {
      "integrity": "sha512-De72GdQZzNTUBBChsXueQUnPKDkg/5A5zp7pFDuQAj5UFoENpiACU0wlCvzpAGnTkj++ihpKwKyYewn/XNUbKw==",
      "dependencies": [
        "tr46",
        "webidl-conversions"
      ]
    },
    "zod@3.25.76": {
      "integrity": "sha512-gzUt/qt81nXsFGKIFcC3YnfEAx5NkunCfnDlvuBSSFS02bcXu4Lmea0AFIUwbLWxWPx3d9p8S5QoaujKcNQxcQ=="
    }
  },
  "redirects": {
    "https://esm.sh/@hpke/common@^1.8.1?target=denonext": "https://esm.sh/@hpke/common@1.8.1?target=denonext",
    "https://esm.sh/@hpke/core@^1.7.3?target=denonext": "https://esm.sh/@hpke/core@1.7.4?target=denonext",
    "https://esm.sh/@hpke/dhkem-x25519@^1.6.4?target=denonext": "https://esm.sh/@hpke/dhkem-x25519@1.6.4?target=denonext",
    "https://esm.sh/@noble/ciphers/chacha?target=denonext": "https://esm.sh/@noble/ciphers@1.3.0/chacha?target=denonext",
    "https://esm.sh/@noble/ciphers/utils?target=denonext": "https://esm.sh/@noble/ciphers@1.3.0/utils?target=denonext",
    "https://esm.sh/@noble/curves@^1.9.2/ed25519?target=denonext": "https://esm.sh/@noble/curves@1.9.7/ed25519?target=denonext",
    "https://esm.sh/@noble/curves@^1.9.2/ed448?target=denonext": "https://esm.sh/@noble/curves@1.9.7/ed448?target=denonext",
    "https://esm.sh/@noble/curves@^1.9.2/nist?target=denonext": "https://esm.sh/@noble/curves@1.9.7/nist?target=denonext",
    "https://esm.sh/mlkem@^2.5.0?target=denonext": "https://esm.sh/mlkem@2.5.0?target=denonext"
  },
  "remote": {
    "https://deno.land/x/bcrypt@v0.4.1/mod.ts": "ff09bdae282583cf5f7d87efe37ddcecef7f14f6d12e8b8066a3058db8c6c2f7",
    "https://deno.land/x/bcrypt@v0.4.1/src/bcrypt/base64.ts": "b8266450a4f1eb6960f60f2f7986afc4dde6b45bd2d7ee7ba10789e67e17b9f7",
    "https://deno.land/x/bcrypt@v0.4.1/src/bcrypt/bcrypt.ts": "ec221648cc6453ea5e3803bc817c01157dada06aa6f7a0ba6b9f87aae32b21e2",
    "https://deno.land/x/bcrypt@v0.4.1/src/main.ts": "08d201b289c8d9c46f8839c69cd6625b213863db29775c7a200afc3b540e64f8",
    "https://deno.land/x/bcrypt@v0.4.1/src/worker.ts": "5a73bdfee9c9e622f47c9733d374b627dce52fb3ec1e74c8226698b3fc57ffac",
    "https://deno.land/x/deno_dom@v0.1.53/build/deno-wasm/deno-wasm.js": "567c1baaf7d3c381cb9c35937403cbaa83bdaa2ae2f4bf59230648c4e3349a0d",
    "https://deno.land/x/deno_dom@v0.1.53/build/deno-wasm/deno-wasm_bg-wasm.js": "989a0f81b2270eb172bcaf48de4a98da2a3a3bbcf5df334e64602bc8712aec2e",
    "https://deno.land/x/deno_dom@v0.1.53/build/deno-wasm/deno-wasm_bg.wasm": "05645f46bbdd0fb2a0f5ff759885f553919af1586c3a93fdd29393a6c2920728",
    "https://deno.land/x/deno_dom@v0.1.53/build/deno-wasm/env.js": "17da784c11b192c591dbf7df21ec6f65f63f45ca9a713e4ca100f3c886b4023f",
    "https://deno.land/x/deno_dom@v0.1.53/build/deno-wasm/wbg.js": "b5b6de12bc010fa23438c8a8276067b9044a405da516d0bbe4ae61b7c6d61a22",
    "https://deno.land/x/deno_dom@v0.1.53/deno-dom-wasm.ts": "4f8ede24992eb4b3426c3930a511d9f33e4db8fe81ca8d1c63ed12f0a76ac3a4",
    "https://deno.land/x/deno_dom@v0.1.53/src/api.ts": "0ff5790f0a3eeecb4e00b7d8fbfa319b165962cf6d0182a65ba90f158d74f7d7",
    "https://deno.land/x/deno_dom@v0.1.53/src/constructor-lock.ts": "0e7b297e8b9cf921a3b0d3a692ec5fb462c5afc47ec554292e20090b9e16b40a",
    "https://deno.land/x/deno_dom@v0.1.53/src/deserialize.ts": "514953418b7ae558ed7361ad9be21013f46cba2f58bd7f4acc90cf1e89f9c8cf",
    "https://deno.land/x/deno_dom@v0.1.53/src/dom/document-fragment.ts": "0b915d094830d43b330dc2fb8012b990f2c815773c6cdcd4a9fdff99fe47412e",
    "https://deno.land/x/deno_dom@v0.1.53/src/dom/document.ts": "ad584ac4ce6dce03f0ff6ef4b7db86fd598f9c7824da1387f7f2acd7d6948e4a",
    "https://deno.land/x/deno_dom@v0.1.53/src/dom/dom-parser.ts": "784ee0e766d4a01e14420f328053fd3a0016c6b40ee442edc3ae80f5d9777927",
    "https://deno.land/x/deno_dom@v0.1.53/src/dom/element.ts": "7d330192fbfd406fb67ab7a3387576fe35fec129b7c52c2ea38615144fa5b12e",
    "https://deno.land/x/deno_dom@v0.1.53/src/dom/elements/html-template-element.ts": "1707dfb4cbb145f3bcb94426d7cdedbaa336620d0afed30e99f50fe87ba24a98",
    "https://deno.land/x/deno_dom@v0.1.53/src/dom/html-collection.ts": "dcf328e883877f7748d3e20fb6319e739f297a6e24f4b00ec5b1a2f390cfa3c6",
    "https://deno.land/x/deno_dom@v0.1.53/src/dom/node-list.ts": "be9793475d82539da8b97a17b6b5538cc723538c10cc5820a23e5e4b2248845d",
    "https://deno.land/x/deno_dom@v0.1.53/src/dom/node.ts": "53ada9e4b2ae21f10f5941ff257ed4585920ae392020544648f349c05d15d30c",
    "https://deno.land/x/deno_dom@v0.1.53/src/dom/selectors/custom-api.ts": "852696bd58e534bc41bd3be9e2250b60b67cd95fd28ed16b1deff1d548531a71",
    "https://deno.land/x/deno_dom@v0.1.53/src/dom/selectors/nwsapi-types.ts": "c43b36c36acc5d32caabaa54fda8c9d239b2b0fcbce9a28efb93c84aa1021698",
    "https://deno.land/x/deno_dom@v0.1.53/src/dom/selectors/nwsapi.js": "985d7d8fc1eabbb88946b47a1c44c1b2d4aa79ff23c21424219f1528fa27a2ff",
    "https://deno.land/x/deno_dom@v0.1.53/src/dom/selectors/selectors.ts": "83eab57be2290fb48e3130533448c93c6c61239f2a2f3b85f1917f80ca0fdc75",
    "https://deno.land/x/deno_dom@v0.1.53/src/dom/selectors/sizzle-types.ts": "78149e2502409989ce861ed636b813b059e16bc267bb543e7c2b26ef43e4798b",
    "https://deno.land/x/deno_dom@v0.1.53/src/dom/selectors/sizzle.js": "c3aed60c1045a106d8e546ac2f85cc82e65f62d9af2f8f515210b9212286682a",
    "https://deno.land/x/deno_dom@v0.1.53/src/dom/string-cache.ts": "8e935804f7bac244cc70cec90a28c9f6d30fea14c61c2c4ea48fca274376d786",
    "https://deno.land/x/deno_dom@v0.1.53/src/dom/utils-types.ts": "96db30e3e4a75b194201bb9fa30988215da7f91b380fca6a5143e51ece2a8436",
    "https://deno.land/x/deno_dom@v0.1.53/src/dom/utils.ts": "bc429635e9204051ba1ecc1b212031b5ee7c6bcd95120c91bef696804aa67e74",
    "https://deno.land/x/deno_dom@v0.1.53/src/parser.ts": "e06b2300d693e6ae7564e53dfa5c9a9e97fdb8c044c39c52c8b93b5d60860be3",
    "https://esm.sh/": "a467aff52eab120b03a3732e528166cafcf1837c69b7d8914bcb1ae39ef3bd51",
    "https://esm.sh/@hpke/chacha20poly1305@1.7.1/denonext/chacha20poly1305.mjs": "627eb0f566fceca4657c9a6b0c9eb1c2acc8fdf51b1087e47a231e8c7dab1f59",
    "https://esm.sh/@hpke/common@1.8.1/denonext/common.mjs": "bb536e05f5f659c494a2e12e4809b5ca2f1335a70adc4c17ca21fcf01389a942",
    "https://esm.sh/@hpke/common@1.8.1?target=denonext": "f32107d78d7ce3e79f5f9b0dc9554732c7e2b2446b42f4ffff9e2b5c3578c1f3",
    "https://esm.sh/@hpke/core@1.7.4/denonext/core.mjs": "2f00e944e43bc99e81c72d8f0818320bcd91c6fcf99203bafb4a61f8bfd507b3",
    "https://esm.sh/@hpke/core@1.7.4?target=denonext": "32b6c9f3853f1b239d3fe5ec24ce7e98a4818fd989b2316a2005dfb4baded2bd",
    "https://esm.sh/@hpke/dhkem-x25519@1.6.4/denonext/dhkem-x25519.mjs": "f68927807bcf7437e23afa8813318f1fed8087cc8ebd51aa501f69cb540fe577",
    "https://esm.sh/@hpke/dhkem-x25519@1.6.4?target=denonext": "914671d2d535577f0a97da102c20376dca6ee211f1b4e45a56597944d408f950",
    "https://esm.sh/@hpke/hybridkem-x-wing@0.6.1/denonext/hybridkem-x-wing.mjs": "01ac46df6cbc614293f3435e7b35f5de34138818026b755eaf2c6532815fec8f",
    "https://esm.sh/@hpke/ml-kem@0.2.1/denonext/ml-kem.mjs": "377cd52bb3fb39ebacb1dfd9fbbc2be2d4563e789b05ea0f6742e1a694c762f6",
    "https://esm.sh/@noble/ciphers@1.3.0/chacha?target=denonext": "be3605f9e7295d06ab0b98967aa83b6d5a5013519f2101e92ac7f15c203421ed",
    "https://esm.sh/@noble/ciphers@1.3.0/denonext/_poly1305.mjs": "c3ac39d7a259da7758d6bdc6968b483525e9db9bdd23d5874b665b8838b8e8b0",
    "https://esm.sh/@noble/ciphers@1.3.0/denonext/chacha.mjs": "5a833ff1f2e5d2ba25685132ea2d1e322c023d426618d12778383d85cdb16bff",
    "https://esm.sh/@noble/ciphers@1.3.0/denonext/utils.mjs": "c982111fd9c0ef2f1d993deca5907ac627c1769d446d1c64eb0c0550fac00e7b",
    "https://esm.sh/@noble/ciphers@1.3.0/utils?target=denonext": "c6fee320fbb5c7083ecaabbebd8cc926ffb968c2a2e765c606c5b397027c94fe",
    "https://esm.sh/@noble/curves@1.9.7/denonext/_shortw_utils.mjs": "d62ddfbe9cb2215269d9b56447c5aecc342999419cb9f6bd66e991ee7bc28d35",
    "https://esm.sh/@noble/curves@1.9.7/denonext/abstract/curve.mjs": "ca7c724c2cf4e0cd5f9d0c3eed4b3081cdb8c017e12638a2722fd76922ff9c44",
    "https://esm.sh/@noble/curves@1.9.7/denonext/abstract/edwards.mjs": "fe845b2bdfff5b8d4977fe301c1724d712b7f58774406dbf4f0c41b63fa40db8",
    "https://esm.sh/@noble/curves@1.9.7/denonext/abstract/hash-to-curve.mjs": "bac93e692bd50bb338d104a59b841acb2a6246d131122914b9e78e029abb0d63",
    "https://esm.sh/@noble/curves@1.9.7/denonext/abstract/modular.mjs": "cfa09121cbd673d611b9f696ed8119c10df4fa0fbaecbca19233909f7c6f504d",
    "https://esm.sh/@noble/curves@1.9.7/denonext/abstract/montgomery.mjs": "3223cab61395f5b89d3ca6d7af0909d48852fe4a02cb284743d81fff2e113f88",
    "https://esm.sh/@noble/curves@1.9.7/denonext/abstract/weierstrass.mjs": "28c5cbd946e5dfed647201f66148c1c383c26185c35434872c2b9b512c7e3957",
    "https://esm.sh/@noble/curves@1.9.7/denonext/ed25519.mjs": "ed008d9d2fc17a600a28b75d16149beb56631bce38f1adee1338018926c5d5da",
    "https://esm.sh/@noble/curves@1.9.7/denonext/ed448.mjs": "476d71b254b071c9435d108bdcfe8e8d0678a8a56824799aeab063190a7f30c9",
    "https://esm.sh/@noble/curves@1.9.7/denonext/nist.mjs": "235e7e9002fda632292709284783e3265444c90b19fedb1a9a48d121d979bd08",
    "https://esm.sh/@noble/curves@1.9.7/denonext/utils.mjs": "78800caea02fb59f99fe68775bcde329357138874dcdb4e6d2f56e76b4eeeaf0",
    "https://esm.sh/@noble/curves@1.9.7/ed25519?target=denonext": "355f172ca4e57dd1a7eaff0061c6d0220130b65dc4c23434eacef25ae4354312",
    "https://esm.sh/@noble/curves@1.9.7/ed448?target=denonext": "227804d4cc272c3fec9c8a6a5ddb7fb3ce9b184ddef9069f1ebeb485b9e5d6d2",
    "https://esm.sh/@noble/curves@1.9.7/nist?target=denonext": "04a84535258fb157b59b6e2aa5ce29deaac4b62cf69b61effcfb1e75b3a82701",
    "https://esm.sh/@noble/hashes@1.8.0/denonext/_md.mjs": "e30debbd8e964d8bd4ae9c807c75601e3ef7ec73eaed005f703709f64a4b2257",
    "https://esm.sh/@noble/hashes@1.8.0/denonext/crypto.mjs": "cabc4468470c6f6d15891c4a6037aebed19289e1a12eb9905c5579c26767a721",
    "https://esm.sh/@noble/hashes@1.8.0/denonext/hmac.mjs": "f6e5f679509f87084ebfc0e0334a8ce28788cf94868a61807420618dfc392325",
    "https://esm.sh/@noble/hashes@1.8.0/denonext/sha2.mjs": "1bf8c30d97f7fe1546e2fed6777a0da85e78d6e961eeae0e0b4437dabf016b7a",
    "https://esm.sh/@noble/hashes@1.8.0/denonext/sha3.mjs": "026506a4a95d1c7d8088c285de5723914e70e9d1fdda4bc7749108b9278d368c",
    "https://esm.sh/@noble/hashes@1.8.0/denonext/utils.mjs": "18b15a49e98c9e136e4bfcdce69b9461630b7dc3389ba932f535ad4a47221b08",
    "https://esm.sh/@noble/post-quantum@0.4.1/denonext/_crystals.mjs": "1f2e5cc14713db945da8b9e3fc0027fee8de337ae18fe079a2e315af609319df",
    "https://esm.sh/@noble/post-quantum@0.4.1/denonext/ml-dsa.mjs": "8941f2818e975eb150f6ab1684f0a9fdf91016bd9dcc46afaca368dab9193dc2",
    "https://esm.sh/@noble/post-quantum@0.4.1/denonext/utils.mjs": "ae9816210bbddc80575107fb49f95cb8ef967c5f8e2c065e8775b97d6c204e25",
    "https://esm.sh/mlkem@2.5.0/denonext/mlkem.mjs": "eb11ce36395384fe01c17c290b2f52e1b9dd2c4fdd63400f85b4cfb9862125e5",
    "https://esm.sh/mlkem@2.5.0?target=denonext": "80fb7be6c3e9e45d755ca12efb3003834ab56685ccdc9cac2c04f5e9d8c29f75"
  },
  "workspace": {
    "dependencies": [
      "jsr:@std/assert@1",
      "jsr:@std/dotenv@~0.225.5",
      "jsr:@std/flags@1",
      "jsr:@std/fs@^1.0.18",
      "jsr:@std/http@~0.225.5",
      "jsr:@std/path@^1.1.0",
      "npm:@hono/zod-validator@0.7",
      "npm:@motionone/solid@^10.16.4",
      "npm:hono@^4.8.4",
      "npm:mongodb@^6.17.0",
      "npm:mongoose@^8.16.4",
      "npm:nodemailer@^6.9.11",
      "npm:solid-app-router@~0.4.2",
      "npm:zod@^3.25.56"
    ]
  }
}
