{
  "version": "5",
  "specifiers": {
    "jsr:@std/assert@1": "1.0.13",
    "jsr:@std/dotenv@*": "0.225.5",
    "jsr:@std/fs@^1.0.18": "1.0.19",
    "jsr:@std/internal@^1.0.6": "1.0.9",
    "jsr:@std/internal@^1.0.9": "1.0.9",
    "jsr:@std/path@^1.1.0": "1.1.1",
    "jsr:@std/path@^1.1.1": "1.1.1",
    "jsr:@std/streams@*": "1.0.10",
    "npm:@aws-sdk/client-s3@^3.528.0": "3.758.0",
    "npm:@aws-sdk/util-stream-node@^3.374.0": "3.374.0",
    "npm:@hono/zod-validator@0.7": "0.7.0_hono@4.8.4_zod@3.25.67",
    "npm:hono@^4.8.4": "4.8.4",
    "npm:mongodb@^6.17.0": "6.17.0",
    "npm:mongoose@^8.15.1": "8.16.1",
    "npm:zod@^3.25.56": "3.25.67"
  },
  "jsr": {
    "@std/assert@1.0.13": {
      "integrity": "ae0d31e41919b12c656c742b22522c32fb26ed0cba32975cb0de2a273cb68b29",
      "dependencies": [
        "jsr:@std/internal@^1.0.6"
      ]
    },
    "@std/dotenv@0.225.5": {
      "integrity": "9ce6f9d0ec3311f74a32535aa1b8c62ed88b1ab91b7f0815797d77a6f60c922f"
    },
    "@std/fs@1.0.19": {
      "integrity": "051968c2b1eae4d2ea9f79a08a3845740ef6af10356aff43d3e2ef11ed09fb06",
      "dependencies": [
        "jsr:@std/internal@^1.0.9",
        "jsr:@std/path@^1.1.1"
      ]
    },
    "@std/internal@1.0.9": {
      "integrity": "bdfb97f83e4db7a13e8faab26fb1958d1b80cc64366501af78a0aee151696eb8"
    },
    "@std/path@1.1.1": {
      "integrity": "fe00026bd3a7e6a27f73709b83c607798be40e20c81dde655ce34052fd82ec76",
      "dependencies": [
        "jsr:@std/internal@^1.0.9"
      ]
    },
    "@std/streams@1.0.10": {
      "integrity": "75c0b1431873cd0d8b3d679015220204d36d3c7420d93b60acfc379eb0dc30af"
    }
  },
  "npm": {
    "@aws-crypto/crc32@5.2.0": {
      "integrity": "sha512-nLbCWqQNgUiwwtFsen1AdzAtvuLRsQS8rYgMuxCrdKf9kOssamGLuPwyTY9wyYblNr9+1XM8v6zoDTPPSIeANg==",
      "dependencies": [
        "@aws-crypto/util",
        "@aws-sdk/types",
        "tslib"
      ]
    },
    "@aws-crypto/crc32c@5.2.0": {
      "integrity": "sha512-+iWb8qaHLYKrNvGRbiYRHSdKRWhto5XlZUEBwDjYNf+ly5SVYG6zEoYIdxvf5R3zyeP16w4PLBn3rH1xc74Rag==",
      "dependencies": [
        "@aws-crypto/util",
        "@aws-sdk/types",
        "tslib"
      ]
    },
    "@aws-crypto/sha1-browser@5.2.0": {
      "integrity": "sha512-OH6lveCFfcDjX4dbAvCFSYUjJZjDr/3XJ3xHtjn3Oj5b9RjojQo8npoLeA/bNwkOkrSQ0wgrHzXk4tDRxGKJeg==",
      "dependencies": [
        "@aws-crypto/supports-web-crypto",
        "@aws-crypto/util",
        "@aws-sdk/types",
        "@aws-sdk/util-locate-window",
        "@smithy/util-utf8@2.3.0",
        "tslib"
      ]
    },
    "@aws-crypto/sha256-browser@5.2.0": {
      "integrity": "sha512-AXfN/lGotSQwu6HNcEsIASo7kWXZ5HYWvfOmSNKDsEqC4OashTp8alTmaz+F7TC2L083SFv5RdB+qU3Vs1kZqw==",
      "dependencies": [
        "@aws-crypto/sha256-js",
        "@aws-crypto/supports-web-crypto",
        "@aws-crypto/util",
        "@aws-sdk/types",
        "@aws-sdk/util-locate-window",
        "@smithy/util-utf8@2.3.0",
        "tslib"
      ]
    },
    "@aws-crypto/sha256-js@5.2.0": {
      "integrity": "sha512-FFQQyu7edu4ufvIZ+OadFpHHOt+eSTBaYaki44c+akjg7qZg9oOQeLlk77F6tSYqjDAFClrHJk9tMf0HdVyOvA==",
      "dependencies": [
        "@aws-crypto/util",
        "@aws-sdk/types",
        "tslib"
      ]
    },
    "@aws-crypto/supports-web-crypto@5.2.0": {
      "integrity": "sha512-iAvUotm021kM33eCdNfwIN//F77/IADDSs58i+MDaOqFrVjZo9bAal0NK7HurRuWLLpF1iLX7gbWrjHjeo+YFg==",
      "dependencies": [
        "tslib"
      ]
    },
    "@aws-crypto/util@5.2.0": {
      "integrity": "sha512-4RkU9EsI6ZpBve5fseQlGNUWKMa1RLPQ1dnjnQoe07ldfIzcsGb5hC5W0Dm7u423KWzawlrpbjXBrXCEv9zazQ==",
      "dependencies": [
        "@aws-sdk/types",
        "@smithy/util-utf8@2.3.0",
        "tslib"
      ]
    },
    "@aws-sdk/client-s3@3.758.0": {
      "integrity": "sha512-f8SlhU9/93OC/WEI6xVJf/x/GoQFj9a/xXK6QCtr5fvCjfSLgMVFmKTiIl/tgtDRzxUDc8YS6EGtbHjJ3Y/atg==",
      "dependencies": [
        "@aws-crypto/sha1-browser",
        "@aws-crypto/sha256-browser",
        "@aws-crypto/sha256-js",
        "@aws-sdk/core",
        "@aws-sdk/credential-provider-node",
        "@aws-sdk/middleware-bucket-endpoint",
        "@aws-sdk/middleware-expect-continue",
        "@aws-sdk/middleware-flexible-checksums",
        "@aws-sdk/middleware-host-header",
        "@aws-sdk/middleware-location-constraint",
        "@aws-sdk/middleware-logger",
        "@aws-sdk/middleware-recursion-detection",
        "@aws-sdk/middleware-sdk-s3",
        "@aws-sdk/middleware-ssec",
        "@aws-sdk/middleware-user-agent",
        "@aws-sdk/region-config-resolver",
        "@aws-sdk/signature-v4-multi-region",
        "@aws-sdk/types",
        "@aws-sdk/util-endpoints",
        "@aws-sdk/util-user-agent-browser",
        "@aws-sdk/util-user-agent-node",
        "@aws-sdk/xml-builder",
        "@smithy/config-resolver",
        "@smithy/core",
        "@smithy/eventstream-serde-browser",
        "@smithy/eventstream-serde-config-resolver",
        "@smithy/eventstream-serde-node",
        "@smithy/fetch-http-handler",
        "@smithy/hash-blob-browser",
        "@smithy/hash-node",
        "@smithy/hash-stream-node",
        "@smithy/invalid-dependency",
        "@smithy/md5-js",
        "@smithy/middleware-content-length",
        "@smithy/middleware-endpoint",
        "@smithy/middleware-retry",
        "@smithy/middleware-serde",
        "@smithy/middleware-stack",
        "@smithy/node-config-provider",
        "@smithy/node-http-handler@4.0.3",
        "@smithy/protocol-http@5.0.1",
        "@smithy/smithy-client",
        "@smithy/types@4.1.0",
        "@smithy/url-parser",
        "@smithy/util-base64",
        "@smithy/util-body-length-browser",
        "@smithy/util-body-length-node",
        "@smithy/util-defaults-mode-browser",
        "@smithy/util-defaults-mode-node",
        "@smithy/util-endpoints",
        "@smithy/util-middleware",
        "@smithy/util-retry",
        "@smithy/util-stream",
        "@smithy/util-utf8@4.0.0",
        "@smithy/util-waiter",
        "tslib"
      ]
    },
    "@aws-sdk/client-sso@3.758.0": {
      "integrity": "sha512-BoGO6IIWrLyLxQG6txJw6RT2urmbtlwfggapNCrNPyYjlXpzTSJhBYjndg7TpDATFd0SXL0zm8y/tXsUXNkdYQ==",
      "dependencies": [
        "@aws-crypto/sha256-browser",
        "@aws-crypto/sha256-js",
        "@aws-sdk/core",
        "@aws-sdk/middleware-host-header",
        "@aws-sdk/middleware-logger",
        "@aws-sdk/middleware-recursion-detection",
        "@aws-sdk/middleware-user-agent",
        "@aws-sdk/region-config-resolver",
        "@aws-sdk/types",
        "@aws-sdk/util-endpoints",
        "@aws-sdk/util-user-agent-browser",
        "@aws-sdk/util-user-agent-node",
        "@smithy/config-resolver",
        "@smithy/core",
        "@smithy/fetch-http-handler",
        "@smithy/hash-node",
        "@smithy/invalid-dependency",
        "@smithy/middleware-content-length",
        "@smithy/middleware-endpoint",
        "@smithy/middleware-retry",
        "@smithy/middleware-serde",
        "@smithy/middleware-stack",
        "@smithy/node-config-provider",
        "@smithy/node-http-handler@4.0.3",
        "@smithy/protocol-http@5.0.1",
        "@smithy/smithy-client",
        "@smithy/types@4.1.0",
        "@smithy/url-parser",
        "@smithy/util-base64",
        "@smithy/util-body-length-browser",
        "@smithy/util-body-length-node",
        "@smithy/util-defaults-mode-browser",
        "@smithy/util-defaults-mode-node",
        "@smithy/util-endpoints",
        "@smithy/util-middleware",
        "@smithy/util-retry",
        "@smithy/util-utf8@4.0.0",
        "tslib"
      ]
    },
    "@aws-sdk/core@3.758.0": {
      "integrity": "sha512-0RswbdR9jt/XKemaLNuxi2gGr4xGlHyGxkTdhSQzCyUe9A9OPCoLl3rIESRguQEech+oJnbHk/wuiwHqTuP9sg==",
      "dependencies": [
        "@aws-sdk/types",
        "@smithy/core",
        "@smithy/node-config-provider",
        "@smithy/property-provider",
        "@smithy/protocol-http@5.0.1",
        "@smithy/signature-v4",
        "@smithy/smithy-client",
        "@smithy/types@4.1.0",
        "@smithy/util-middleware",
        "fast-xml-parser",
        "tslib"
      ]
    },
    "@aws-sdk/credential-provider-env@3.758.0": {
      "integrity": "sha512-N27eFoRrO6MeUNumtNHDW9WOiwfd59LPXPqDrIa3kWL/s+fOKFHb9xIcF++bAwtcZnAxKkgpDCUP+INNZskE+w==",
      "dependencies": [
        "@aws-sdk/core",
        "@aws-sdk/types",
        "@smithy/property-provider",
        "@smithy/types@4.1.0",
        "tslib"
      ]
    },
    "@aws-sdk/credential-provider-http@3.758.0": {
      "integrity": "sha512-Xt9/U8qUCiw1hihztWkNeIR+arg6P+yda10OuCHX6kFVx3auTlU7+hCqs3UxqniGU4dguHuftf3mRpi5/GJ33Q==",
      "dependencies": [
        "@aws-sdk/core",
        "@aws-sdk/types",
        "@smithy/fetch-http-handler",
        "@smithy/node-http-handler@4.0.3",
        "@smithy/property-provider",
        "@smithy/protocol-http@5.0.1",
        "@smithy/smithy-client",
        "@smithy/types@4.1.0",
        "@smithy/util-stream",
        "tslib"
      ]
    },
    "@aws-sdk/credential-provider-ini@3.758.0": {
      "integrity": "sha512-cymSKMcP5d+OsgetoIZ5QCe1wnp2Q/tq+uIxVdh9MbfdBBEnl9Ecq6dH6VlYS89sp4QKuxHxkWXVnbXU3Q19Aw==",
      "dependencies": [
        "@aws-sdk/core",
        "@aws-sdk/credential-provider-env",
        "@aws-sdk/credential-provider-http",
        "@aws-sdk/credential-provider-process",
        "@aws-sdk/credential-provider-sso",
        "@aws-sdk/credential-provider-web-identity",
        "@aws-sdk/nested-clients",
        "@aws-sdk/types",
        "@smithy/credential-provider-imds",
        "@smithy/property-provider",
        "@smithy/shared-ini-file-loader",
        "@smithy/types@4.1.0",
        "tslib"
      ]
    },
    "@aws-sdk/credential-provider-node@3.758.0": {
      "integrity": "sha512-+DaMv63wiq7pJrhIQzZYMn4hSarKiizDoJRvyR7WGhnn0oQ/getX9Z0VNCV3i7lIFoLNTb7WMmQ9k7+z/uD5EQ==",
      "dependencies": [
        "@aws-sdk/credential-provider-env",
        "@aws-sdk/credential-provider-http",
        "@aws-sdk/credential-provider-ini",
        "@aws-sdk/credential-provider-process",
        "@aws-sdk/credential-provider-sso",
        "@aws-sdk/credential-provider-web-identity",
        "@aws-sdk/types",
        "@smithy/credential-provider-imds",
        "@smithy/property-provider",
        "@smithy/shared-ini-file-loader",
        "@smithy/types@4.1.0",
        "tslib"
      ]
    },
    "@aws-sdk/credential-provider-process@3.758.0": {
      "integrity": "sha512-AzcY74QTPqcbXWVgjpPZ3HOmxQZYPROIBz2YINF0OQk0MhezDWV/O7Xec+K1+MPGQO3qS6EDrUUlnPLjsqieHA==",
      "dependencies": [
        "@aws-sdk/core",
        "@aws-sdk/types",
        "@smithy/property-provider",
        "@smithy/shared-ini-file-loader",
        "@smithy/types@4.1.0",
        "tslib"
      ]
    },
    "@aws-sdk/credential-provider-sso@3.758.0": {
      "integrity": "sha512-x0FYJqcOLUCv8GLLFDYMXRAQKGjoM+L0BG4BiHYZRDf24yQWFCAZsCQAYKo6XZYh2qznbsW6f//qpyJ5b0QVKQ==",
      "dependencies": [
        "@aws-sdk/client-sso",
        "@aws-sdk/core",
        "@aws-sdk/token-providers",
        "@aws-sdk/types",
        "@smithy/property-provider",
        "@smithy/shared-ini-file-loader",
        "@smithy/types@4.1.0",
        "tslib"
      ]
    },
    "@aws-sdk/credential-provider-web-identity@3.758.0": {
      "integrity": "sha512-XGguXhBqiCXMXRxcfCAVPlMbm3VyJTou79r/3mxWddHWF0XbhaQiBIbUz6vobVTD25YQRbWSmSch7VA8kI5Lrw==",
      "dependencies": [
        "@aws-sdk/core",
        "@aws-sdk/nested-clients",
        "@aws-sdk/types",
        "@smithy/property-provider",
        "@smithy/types@4.1.0",
        "tslib"
      ]
    },
    "@aws-sdk/middleware-bucket-endpoint@3.734.0": {
      "integrity": "sha512-etC7G18aF7KdZguW27GE/wpbrNmYLVT755EsFc8kXpZj8D6AFKxc7OuveinJmiy0bYXAMspJUWsF6CrGpOw6CQ==",
      "dependencies": [
        "@aws-sdk/types",
        "@aws-sdk/util-arn-parser",
        "@smithy/node-config-provider",
        "@smithy/protocol-http@5.0.1",
        "@smithy/types@4.1.0",
        "@smithy/util-config-provider",
        "tslib"
      ]
    },
    "@aws-sdk/middleware-expect-continue@3.734.0": {
      "integrity": "sha512-P38/v1l6HjuB2aFUewt7ueAW5IvKkFcv5dalPtbMGRhLeyivBOHwbCyuRKgVs7z7ClTpu9EaViEGki2jEQqEsQ==",
      "dependencies": [
        "@aws-sdk/types",
        "@smithy/protocol-http@5.0.1",
        "@smithy/types@4.1.0",
        "tslib"
      ]
    },
    "@aws-sdk/middleware-flexible-checksums@3.758.0": {
      "integrity": "sha512-o8Rk71S08YTKLoSobucjnbj97OCGaXgpEDNKXpXaavUM5xLNoHCLSUPRCiEN86Ivqxg1n17Y2nSRhfbsveOXXA==",
      "dependencies": [
        "@aws-crypto/crc32",
        "@aws-crypto/crc32c",
        "@aws-crypto/util",
        "@aws-sdk/core",
        "@aws-sdk/types",
        "@smithy/is-array-buffer@4.0.0",
        "@smithy/node-config-provider",
        "@smithy/protocol-http@5.0.1",
        "@smithy/types@4.1.0",
        "@smithy/util-middleware",
        "@smithy/util-stream",
        "@smithy/util-utf8@4.0.0",
        "tslib"
      ]
    },
    "@aws-sdk/middleware-host-header@3.734.0": {
      "integrity": "sha512-LW7RRgSOHHBzWZnigNsDIzu3AiwtjeI2X66v+Wn1P1u+eXssy1+up4ZY/h+t2sU4LU36UvEf+jrZti9c6vRnFw==",
      "dependencies": [
        "@aws-sdk/types",
        "@smithy/protocol-http@5.0.1",
        "@smithy/types@4.1.0",
        "tslib"
      ]
    },
    "@aws-sdk/middleware-location-constraint@3.734.0": {
      "integrity": "sha512-EJEIXwCQhto/cBfHdm3ZOeLxd2NlJD+X2F+ZTOxzokuhBtY0IONfC/91hOo5tWQweerojwshSMHRCKzRv1tlwg==",
      "dependencies": [
        "@aws-sdk/types",
        "@smithy/types@4.1.0",
        "tslib"
      ]
    },
    "@aws-sdk/middleware-logger@3.734.0": {
      "integrity": "sha512-mUMFITpJUW3LcKvFok176eI5zXAUomVtahb9IQBwLzkqFYOrMJvWAvoV4yuxrJ8TlQBG8gyEnkb9SnhZvjg67w==",
      "dependencies": [
        "@aws-sdk/types",
        "@smithy/types@4.1.0",
        "tslib"
      ]
    },
    "@aws-sdk/middleware-recursion-detection@3.734.0": {
      "integrity": "sha512-CUat2d9ITsFc2XsmeiRQO96iWpxSKYFjxvj27Hc7vo87YUHRnfMfnc8jw1EpxEwMcvBD7LsRa6vDNky6AjcrFA==",
      "dependencies": [
        "@aws-sdk/types",
        "@smithy/protocol-http@5.0.1",
        "@smithy/types@4.1.0",
        "tslib"
      ]
    },
    "@aws-sdk/middleware-sdk-s3@3.758.0": {
      "integrity": "sha512-6mJ2zyyHPYSV6bAcaFpsdoXZJeQlR1QgBnZZ6juY/+dcYiuyWCdyLUbGzSZSE7GTfx6i+9+QWFeoIMlWKgU63A==",
      "dependencies": [
        "@aws-sdk/core",
        "@aws-sdk/types",
        "@aws-sdk/util-arn-parser",
        "@smithy/core",
        "@smithy/node-config-provider",
        "@smithy/protocol-http@5.0.1",
        "@smithy/signature-v4",
        "@smithy/smithy-client",
        "@smithy/types@4.1.0",
        "@smithy/util-config-provider",
        "@smithy/util-middleware",
        "@smithy/util-stream",
        "@smithy/util-utf8@4.0.0",
        "tslib"
      ]
    },
    "@aws-sdk/middleware-ssec@3.734.0": {
      "integrity": "sha512-d4yd1RrPW/sspEXizq2NSOUivnheac6LPeLSLnaeTbBG9g1KqIqvCzP1TfXEqv2CrWfHEsWtJpX7oyjySSPvDQ==",
      "dependencies": [
        "@aws-sdk/types",
        "@smithy/types@4.1.0",
        "tslib"
      ]
    },
    "@aws-sdk/middleware-user-agent@3.758.0": {
      "integrity": "sha512-iNyehQXtQlj69JCgfaOssgZD4HeYGOwxcaKeG6F+40cwBjTAi0+Ph1yfDwqk2qiBPIRWJ/9l2LodZbxiBqgrwg==",
      "dependencies": [
        "@aws-sdk/core",
        "@aws-sdk/types",
        "@aws-sdk/util-endpoints",
        "@smithy/core",
        "@smithy/protocol-http@5.0.1",
        "@smithy/types@4.1.0",
        "tslib"
      ]
    },
    "@aws-sdk/nested-clients@3.758.0": {
      "integrity": "sha512-YZ5s7PSvyF3Mt2h1EQulCG93uybprNGbBkPmVuy/HMMfbFTt4iL3SbKjxqvOZelm86epFfj7pvK7FliI2WOEcg==",
      "dependencies": [
        "@aws-crypto/sha256-browser",
        "@aws-crypto/sha256-js",
        "@aws-sdk/core",
        "@aws-sdk/middleware-host-header",
        "@aws-sdk/middleware-logger",
        "@aws-sdk/middleware-recursion-detection",
        "@aws-sdk/middleware-user-agent",
        "@aws-sdk/region-config-resolver",
        "@aws-sdk/types",
        "@aws-sdk/util-endpoints",
        "@aws-sdk/util-user-agent-browser",
        "@aws-sdk/util-user-agent-node",
        "@smithy/config-resolver",
        "@smithy/core",
        "@smithy/fetch-http-handler",
        "@smithy/hash-node",
        "@smithy/invalid-dependency",
        "@smithy/middleware-content-length",
        "@smithy/middleware-endpoint",
        "@smithy/middleware-retry",
        "@smithy/middleware-serde",
        "@smithy/middleware-stack",
        "@smithy/node-config-provider",
        "@smithy/node-http-handler@4.0.3",
        "@smithy/protocol-http@5.0.1",
        "@smithy/smithy-client",
        "@smithy/types@4.1.0",
        "@smithy/url-parser",
        "@smithy/util-base64",
        "@smithy/util-body-length-browser",
        "@smithy/util-body-length-node",
        "@smithy/util-defaults-mode-browser",
        "@smithy/util-defaults-mode-node",
        "@smithy/util-endpoints",
        "@smithy/util-middleware",
        "@smithy/util-retry",
        "@smithy/util-utf8@4.0.0",
        "tslib"
      ]
    },
    "@aws-sdk/region-config-resolver@3.734.0": {
      "integrity": "sha512-Lvj1kPRC5IuJBr9DyJ9T9/plkh+EfKLy+12s/mykOy1JaKHDpvj+XGy2YO6YgYVOb8JFtaqloid+5COtje4JTQ==",
      "dependencies": [
        "@aws-sdk/types",
        "@smithy/node-config-provider",
        "@smithy/types@4.1.0",
        "@smithy/util-config-provider",
        "@smithy/util-middleware",
        "tslib"
      ]
    },
    "@aws-sdk/signature-v4-multi-region@3.758.0": {
      "integrity": "sha512-0RPCo8fYJcrenJ6bRtiUbFOSgQ1CX/GpvwtLU2Fam1tS9h2klKK8d74caeV6A1mIUvBU7bhyQ0wMGlwMtn3EYw==",
      "dependencies": [
        "@aws-sdk/middleware-sdk-s3",
        "@aws-sdk/types",
        "@smithy/protocol-http@5.0.1",
        "@smithy/signature-v4",
        "@smithy/types@4.1.0",
        "tslib"
      ]
    },
    "@aws-sdk/token-providers@3.758.0": {
      "integrity": "sha512-ckptN1tNrIfQUaGWm/ayW1ddG+imbKN7HHhjFdS4VfItsP0QQOB0+Ov+tpgb4MoNR4JaUghMIVStjIeHN2ks1w==",
      "dependencies": [
        "@aws-sdk/nested-clients",
        "@aws-sdk/types",
        "@smithy/property-provider",
        "@smithy/shared-ini-file-loader",
        "@smithy/types@4.1.0",
        "tslib"
      ]
    },
    "@aws-sdk/types@3.734.0": {
      "integrity": "sha512-o11tSPTT70nAkGV1fN9wm/hAIiLPyWX6SuGf+9JyTp7S/rC2cFWhR26MvA69nplcjNaXVzB0f+QFrLXXjOqCrg==",
      "dependencies": [
        "@smithy/types@4.1.0",
        "tslib"
      ]
    },
    "@aws-sdk/util-arn-parser@3.723.0": {
      "integrity": "sha512-ZhEfvUwNliOQROcAk34WJWVYTlTa4694kSVhDSjW6lE1bMataPnIN8A0ycukEzBXmd8ZSoBcQLn6lKGl7XIJ5w==",
      "dependencies": [
        "tslib"
      ]
    },
    "@aws-sdk/util-endpoints@3.743.0": {
      "integrity": "sha512-sN1l559zrixeh5x+pttrnd0A3+r34r0tmPkJ/eaaMaAzXqsmKU/xYre9K3FNnsSS1J1k4PEfk/nHDTVUgFYjnw==",
      "dependencies": [
        "@aws-sdk/types",
        "@smithy/types@4.1.0",
        "@smithy/util-endpoints",
        "tslib"
      ]
    },
    "@aws-sdk/util-locate-window@3.723.0": {
      "integrity": "sha512-Yf2CS10BqK688DRsrKI/EO6B8ff5J86NXe4C+VCysK7UOgN0l1zOTeTukZ3H8Q9tYYX3oaF1961o8vRkFm7Nmw==",
      "dependencies": [
        "tslib"
      ]
    },
    "@aws-sdk/util-stream-node@3.374.0": {
      "integrity": "sha512-E9niTpJC9vYQAlManm8cpXGxMmSOBwGQj0TwLGECIaA51Bk+7RjlXAZkcu85PvIps90N3ollYtWWSsRBnH2SJw==",
      "dependencies": [
        "@smithy/util-stream-node",
        "tslib"
      ],
      "deprecated": true
    },
    "@aws-sdk/util-user-agent-browser@3.734.0": {
      "integrity": "sha512-xQTCus6Q9LwUuALW+S76OL0jcWtMOVu14q+GoLnWPUM7QeUw963oQcLhF7oq0CtaLLKyl4GOUfcwc773Zmwwng==",
      "dependencies": [
        "@aws-sdk/types",
        "@smithy/types@4.1.0",
        "bowser",
        "tslib"
      ]
    },
    "@aws-sdk/util-user-agent-node@3.758.0": {
      "integrity": "sha512-A5EZw85V6WhoKMV2hbuFRvb9NPlxEErb4HPO6/SPXYY4QrjprIzScHxikqcWv1w4J3apB1wto9LPU3IMsYtfrw==",
      "dependencies": [
        "@aws-sdk/middleware-user-agent",
        "@aws-sdk/types",
        "@smithy/node-config-provider",
        "@smithy/types@4.1.0",
        "tslib"
      ]
    },
    "@aws-sdk/xml-builder@3.734.0": {
      "integrity": "sha512-Zrjxi5qwGEcUsJ0ru7fRtW74WcTS0rbLcehoFB+rN1GRi2hbLcFaYs4PwVA5diLeAJH0gszv3x4Hr/S87MfbKQ==",
      "dependencies": [
        "@smithy/types@4.1.0",
        "tslib"
      ]
    },
    "@hono/zod-validator@0.7.0_hono@4.8.4_zod@3.25.67": {
      "integrity": "sha512-qe2ZE6sHFE98dcUrbYMtS3bAV8hqcCOflykvZga2S7XhmNSZzT+dIz4OuMILsjLHkJw9JMn912/dB7dQOmuPvg==",
      "dependencies": [
        "hono",
        "zod"
      ]
    },
    "@mongodb-js/saslprep@1.3.0": {
      "integrity": "sha512-zlayKCsIjYb7/IdfqxorK5+xUMyi4vOKcFy10wKJYc63NSdKI8mNME+uJqfatkPmOSMMUiojrL58IePKBm3gvQ==",
      "dependencies": [
        "sparse-bitfield"
      ]
    },
    "@smithy/abort-controller@1.1.0": {
      "integrity": "sha512-5imgGUlZL4dW4YWdMYAKLmal9ny/tlenM81QZY7xYyb76z9Z/QOg7oM5Ak9HQl8QfFTlGVWwcMXl+54jroRgEQ==",
      "dependencies": [
        "@smithy/types@1.2.0",
        "tslib"
      ]
    },
    "@smithy/abort-controller@4.0.1": {
      "integrity": "sha512-fiUIYgIgRjMWznk6iLJz35K2YxSLHzLBA/RC6lBrKfQ8fHbPfvk7Pk9UvpKoHgJjI18MnbPuEju53zcVy6KF1g==",
      "dependencies": [
        "@smithy/types@4.1.0",
        "tslib"
      ]
    },
    "@smithy/chunked-blob-reader-native@4.0.0": {
      "integrity": "sha512-R9wM2yPmfEMsUmlMlIgSzOyICs0x9uu7UTHoccMyt7BWw8shcGM8HqB355+BZCPBcySvbTYMs62EgEQkNxz2ig==",
      "dependencies": [
        "@smithy/util-base64",
        "tslib"
      ]
    },
    "@smithy/chunked-blob-reader@5.0.0": {
      "integrity": "sha512-+sKqDBQqb036hh4NPaUiEkYFkTUGYzRsn3EuFhyfQfMy6oGHEUJDurLP9Ufb5dasr/XiAmPNMr6wa9afjQB+Gw==",
      "dependencies": [
        "tslib"
      ]
    },
    "@smithy/config-resolver@4.0.1": {
      "integrity": "sha512-Igfg8lKu3dRVkTSEm98QpZUvKEOa71jDX4vKRcvJVyRc3UgN3j7vFMf0s7xLQhYmKa8kyJGQgUJDOV5V3neVlQ==",
      "dependencies": [
        "@smithy/node-config-provider",
        "@smithy/types@4.1.0",
        "@smithy/util-config-provider",
        "@smithy/util-middleware",
        "tslib"
      ]
    },
    "@smithy/core@3.1.5": {
      "integrity": "sha512-HLclGWPkCsekQgsyzxLhCQLa8THWXtB5PxyYN+2O6nkyLt550KQKTlbV2D1/j5dNIQapAZM1+qFnpBFxZQkgCA==",
      "dependencies": [
        "@smithy/middleware-serde",
        "@smithy/protocol-http@5.0.1",
        "@smithy/types@4.1.0",
        "@smithy/util-body-length-browser",
        "@smithy/util-middleware",
        "@smithy/util-stream",
        "@smithy/util-utf8@4.0.0",
        "tslib"
      ]
    },
    "@smithy/credential-provider-imds@4.0.1": {
      "integrity": "sha512-l/qdInaDq1Zpznpmev/+52QomsJNZ3JkTl5yrTl02V6NBgJOQ4LY0SFw/8zsMwj3tLe8vqiIuwF6nxaEwgf6mg==",
      "dependencies": [
        "@smithy/node-config-provider",
        "@smithy/property-provider",
        "@smithy/types@4.1.0",
        "@smithy/url-parser",
        "tslib"
      ]
    },
    "@smithy/eventstream-codec@4.0.1": {
      "integrity": "sha512-Q2bCAAR6zXNVtJgifsU16ZjKGqdw/DyecKNgIgi7dlqw04fqDu0mnq+JmGphqheypVc64CYq3azSuCpAdFk2+A==",
      "dependencies": [
        "@aws-crypto/crc32",
        "@smithy/types@4.1.0",
        "@smithy/util-hex-encoding",
        "tslib"
      ]
    },
    "@smithy/eventstream-serde-browser@4.0.1": {
      "integrity": "sha512-HbIybmz5rhNg+zxKiyVAnvdM3vkzjE6ccrJ620iPL8IXcJEntd3hnBl+ktMwIy12Te/kyrSbUb8UCdnUT4QEdA==",
      "dependencies": [
        "@smithy/eventstream-serde-universal",
        "@smithy/types@4.1.0",
        "tslib"
      ]
    },
    "@smithy/eventstream-serde-config-resolver@4.0.1": {
      "integrity": "sha512-lSipaiq3rmHguHa3QFF4YcCM3VJOrY9oq2sow3qlhFY+nBSTF/nrO82MUQRPrxHQXA58J5G1UnU2WuJfi465BA==",
      "dependencies": [
        "@smithy/types@4.1.0",
        "tslib"
      ]
    },
    "@smithy/eventstream-serde-node@4.0.1": {
      "integrity": "sha512-o4CoOI6oYGYJ4zXo34U8X9szDe3oGjmHgsMGiZM0j4vtNoT+h80TLnkUcrLZR3+E6HIxqW+G+9WHAVfl0GXK0Q==",
      "dependencies": [
        "@smithy/eventstream-serde-universal",
        "@smithy/types@4.1.0",
        "tslib"
      ]
    },
    "@smithy/eventstream-serde-universal@4.0.1": {
      "integrity": "sha512-Z94uZp0tGJuxds3iEAZBqGU2QiaBHP4YytLUjwZWx+oUeohCsLyUm33yp4MMBmhkuPqSbQCXq5hDet6JGUgHWA==",
      "dependencies": [
        "@smithy/eventstream-codec",
        "@smithy/types@4.1.0",
        "tslib"
      ]
    },
    "@smithy/fetch-http-handler@5.0.1": {
      "integrity": "sha512-3aS+fP28urrMW2KTjb6z9iFow6jO8n3MFfineGbndvzGZit3taZhKWtTorf+Gp5RpFDDafeHlhfsGlDCXvUnJA==",
      "dependencies": [
        "@smithy/protocol-http@5.0.1",
        "@smithy/querystring-builder@4.0.1",
        "@smithy/types@4.1.0",
        "@smithy/util-base64",
        "tslib"
      ]
    },
    "@smithy/hash-blob-browser@4.0.1": {
      "integrity": "sha512-rkFIrQOKZGS6i1D3gKJ8skJ0RlXqDvb1IyAphksaFOMzkn3v3I1eJ8m7OkLj0jf1McP63rcCEoLlkAn/HjcTRw==",
      "dependencies": [
        "@smithy/chunked-blob-reader",
        "@smithy/chunked-blob-reader-native",
        "@smithy/types@4.1.0",
        "tslib"
      ]
    },
    "@smithy/hash-node@4.0.1": {
      "integrity": "sha512-TJ6oZS+3r2Xu4emVse1YPB3Dq3d8RkZDKcPr71Nj/lJsdAP1c7oFzYqEn1IBc915TsgLl2xIJNuxCz+gLbLE0w==",
      "dependencies": [
        "@smithy/types@4.1.0",
        "@smithy/util-buffer-from@4.0.0",
        "@smithy/util-utf8@4.0.0",
        "tslib"
      ]
    },
    "@smithy/hash-stream-node@4.0.1": {
      "integrity": "sha512-U1rAE1fxmReCIr6D2o/4ROqAQX+GffZpyMt3d7njtGDr2pUNmAKRWa49gsNVhCh2vVAuf3wXzWwNr2YN8PAXIw==",
      "dependencies": [
        "@smithy/types@4.1.0",
        "@smithy/util-utf8@4.0.0",
        "tslib"
      ]
    },
    "@smithy/invalid-dependency@4.0.1": {
      "integrity": "sha512-gdudFPf4QRQ5pzj7HEnu6FhKRi61BfH/Gk5Yf6O0KiSbr1LlVhgjThcvjdu658VE6Nve8vaIWB8/fodmS1rBPQ==",
      "dependencies": [
        "@smithy/types@4.1.0",
        "tslib"
      ]
    },
    "@smithy/is-array-buffer@1.1.0": {
      "integrity": "sha512-twpQ/n+3OWZJ7Z+xu43MJErmhB/WO/mMTnqR6PwWQShvSJ/emx5d1N59LQZk6ZpTAeuRWrc+eHhkzTp9NFjNRQ==",
      "dependencies": [
        "tslib"
      ]
    },
    "@smithy/is-array-buffer@2.2.0": {
      "integrity": "sha512-GGP3O9QFD24uGeAXYUjwSTXARoqpZykHadOmA8G5vfJPK0/DC67qa//0qvqrJzL1xc8WQWX7/yc7fwudjPHPhA==",
      "dependencies": [
        "tslib"
      ]
    },
    "@smithy/is-array-buffer@4.0.0": {
      "integrity": "sha512-saYhF8ZZNoJDTvJBEWgeBccCg+yvp1CX+ed12yORU3NilJScfc6gfch2oVb4QgxZrGUx3/ZJlb+c/dJbyupxlw==",
      "dependencies": [
        "tslib"
      ]
    },
    "@smithy/md5-js@4.0.1": {
      "integrity": "sha512-HLZ647L27APi6zXkZlzSFZIjpo8po45YiyjMGJZM3gyDY8n7dPGdmxIIljLm4gPt/7rRvutLTTkYJpZVfG5r+A==",
      "dependencies": [
        "@smithy/types@4.1.0",
        "@smithy/util-utf8@4.0.0",
        "tslib"
      ]
    },
    "@smithy/middleware-content-length@4.0.1": {
      "integrity": "sha512-OGXo7w5EkB5pPiac7KNzVtfCW2vKBTZNuCctn++TTSOMpe6RZO/n6WEC1AxJINn3+vWLKW49uad3lo/u0WJ9oQ==",
      "dependencies": [
        "@smithy/protocol-http@5.0.1",
        "@smithy/types@4.1.0",
        "tslib"
      ]
    },
    "@smithy/middleware-endpoint@4.0.6": {
      "integrity": "sha512-ftpmkTHIFqgaFugcjzLZv3kzPEFsBFSnq1JsIkr2mwFzCraZVhQk2gqN51OOeRxqhbPTkRFj39Qd2V91E/mQxg==",
      "dependencies": [
        "@smithy/core",
        "@smithy/middleware-serde",
        "@smithy/node-config-provider",
        "@smithy/shared-ini-file-loader",
        "@smithy/types@4.1.0",
        "@smithy/url-parser",
        "@smithy/util-middleware",
        "tslib"
      ]
    },
    "@smithy/middleware-retry@4.0.7": {
      "integrity": "sha512-58j9XbUPLkqAcV1kHzVX/kAR16GT+j7DUZJqwzsxh1jtz7G82caZiGyyFgUvogVfNTg3TeAOIJepGc8TXF4AVQ==",
      "dependencies": [
        "@smithy/node-config-provider",
        "@smithy/protocol-http@5.0.1",
        "@smithy/service-error-classification",
        "@smithy/smithy-client",
        "@smithy/types@4.1.0",
        "@smithy/util-middleware",
        "@smithy/util-retry",
        "tslib",
        "uuid"
      ]
    },
    "@smithy/middleware-serde@4.0.2": {
      "integrity": "sha512-Sdr5lOagCn5tt+zKsaW+U2/iwr6bI9p08wOkCp6/eL6iMbgdtc2R5Ety66rf87PeohR0ExI84Txz9GYv5ou3iQ==",
      "dependencies": [
        "@smithy/types@4.1.0",
        "tslib"
      ]
    },
    "@smithy/middleware-stack@4.0.1": {
      "integrity": "sha512-dHwDmrtR/ln8UTHpaIavRSzeIk5+YZTBtLnKwDW3G2t6nAupCiQUvNzNoHBpik63fwUaJPtlnMzXbQrNFWssIA==",
      "dependencies": [
        "@smithy/types@4.1.0",
        "tslib"
      ]
    },
    "@smithy/node-config-provider@4.0.1": {
      "integrity": "sha512-8mRTjvCtVET8+rxvmzRNRR0hH2JjV0DFOmwXPrISmTIJEfnCBugpYYGAsCj8t41qd+RB5gbheSQ/6aKZCQvFLQ==",
      "dependencies": [
        "@smithy/property-provider",
        "@smithy/shared-ini-file-loader",
        "@smithy/types@4.1.0",
        "tslib"
      ]
    },
    "@smithy/node-http-handler@1.1.0": {
      "integrity": "sha512-d3kRriEgaIiGXLziAM8bjnaLn1fthCJeTLZIwEIpzQqe6yPX0a+yQoLCTyjb2fvdLwkMoG4p7THIIB5cj5lkbg==",
      "dependencies": [
        "@smithy/abort-controller@1.1.0",
        "@smithy/protocol-http@1.2.0",
        "@smithy/querystring-builder@1.1.0",
        "@smithy/types@1.2.0",
        "tslib"
      ]
    },
    "@smithy/node-http-handler@4.0.3": {
      "integrity": "sha512-dYCLeINNbYdvmMLtW0VdhW1biXt+PPCGazzT5ZjKw46mOtdgToQEwjqZSS9/EN8+tNs/RO0cEWG044+YZs97aA==",
      "dependencies": [
        "@smithy/abort-controller@4.0.1",
        "@smithy/protocol-http@5.0.1",
        "@smithy/querystring-builder@4.0.1",
        "@smithy/types@4.1.0",
        "tslib"
      ]
    },
    "@smithy/property-provider@4.0.1": {
      "integrity": "sha512-o+VRiwC2cgmk/WFV0jaETGOtX16VNPp2bSQEzu0whbReqE1BMqsP2ami2Vi3cbGVdKu1kq9gQkDAGKbt0WOHAQ==",
      "dependencies": [
        "@smithy/types@4.1.0",
        "tslib"
      ]
    },
    "@smithy/protocol-http@1.2.0": {
      "integrity": "sha512-GfGfruksi3nXdFok5RhgtOnWe5f6BndzYfmEXISD+5gAGdayFGpjWu5pIqIweTudMtse20bGbc+7MFZXT1Tb8Q==",
      "dependencies": [
        "@smithy/types@1.2.0",
        "tslib"
      ]
    },
    "@smithy/protocol-http@5.0.1": {
      "integrity": "sha512-TE4cpj49jJNB/oHyh/cRVEgNZaoPaxd4vteJNB0yGidOCVR0jCw/hjPVsT8Q8FRmj8Bd3bFZt8Dh7xGCT+xMBQ==",
      "dependencies": [
        "@smithy/types@4.1.0",
        "tslib"
      ]
    },
    "@smithy/querystring-builder@1.1.0": {
      "integrity": "sha512-gDEi4LxIGLbdfjrjiY45QNbuDmpkwh9DX4xzrR2AzjjXpxwGyfSpbJaYhXARw9p17VH0h9UewnNQXNwaQyYMDA==",
      "dependencies": [
        "@smithy/types@1.2.0",
        "@smithy/util-uri-escape@1.1.0",
        "tslib"
      ]
    },
    "@smithy/querystring-builder@4.0.1": {
      "integrity": "sha512-wU87iWZoCbcqrwszsOewEIuq+SU2mSoBE2CcsLwE0I19m0B2gOJr1MVjxWcDQYOzHbR1xCk7AcOBbGFUYOKvdg==",
      "dependencies": [
        "@smithy/types@4.1.0",
        "@smithy/util-uri-escape@4.0.0",
        "tslib"
      ]
    },
    "@smithy/querystring-parser@4.0.1": {
      "integrity": "sha512-Ma2XC7VS9aV77+clSFylVUnPZRindhB7BbmYiNOdr+CHt/kZNJoPP0cd3QxCnCFyPXC4eybmyE98phEHkqZ5Jw==",
      "dependencies": [
        "@smithy/types@4.1.0",
        "tslib"
      ]
    },
    "@smithy/service-error-classification@4.0.1": {
      "integrity": "sha512-3JNjBfOWpj/mYfjXJHB4Txc/7E4LVq32bwzE7m28GN79+M1f76XHflUaSUkhOriprPDzev9cX/M+dEB80DNDKA==",
      "dependencies": [
        "@smithy/types@4.1.0"
      ]
    },
    "@smithy/shared-ini-file-loader@4.0.1": {
      "integrity": "sha512-hC8F6qTBbuHRI/uqDgqqi6J0R4GtEZcgrZPhFQnMhfJs3MnUTGSnR1NSJCJs5VWlMydu0kJz15M640fJlRsIOw==",
      "dependencies": [
        "@smithy/types@4.1.0",
        "tslib"
      ]
    },
    "@smithy/signature-v4@5.0.1": {
      "integrity": "sha512-nCe6fQ+ppm1bQuw5iKoeJ0MJfz2os7Ic3GBjOkLOPtavbD1ONoyE3ygjBfz2ythFWm4YnRm6OxW+8p/m9uCoIA==",
      "dependencies": [
        "@smithy/is-array-buffer@4.0.0",
        "@smithy/protocol-http@5.0.1",
        "@smithy/types@4.1.0",
        "@smithy/util-hex-encoding",
        "@smithy/util-middleware",
        "@smithy/util-uri-escape@4.0.0",
        "@smithy/util-utf8@4.0.0",
        "tslib"
      ]
    },
    "@smithy/smithy-client@4.1.6": {
      "integrity": "sha512-UYDolNg6h2O0L+cJjtgSyKKvEKCOa/8FHYJnBobyeoeWDmNpXjwOAtw16ezyeu1ETuuLEOZbrynK0ZY1Lx9Jbw==",
      "dependencies": [
        "@smithy/core",
        "@smithy/middleware-endpoint",
        "@smithy/middleware-stack",
        "@smithy/protocol-http@5.0.1",
        "@smithy/types@4.1.0",
        "@smithy/util-stream",
        "tslib"
      ]
    },
    "@smithy/types@1.2.0": {
      "integrity": "sha512-z1r00TvBqF3dh4aHhya7nz1HhvCg4TRmw51fjMrh5do3h+ngSstt/yKlNbHeb9QxJmFbmN8KEVSWgb1bRvfEoA==",
      "dependencies": [
        "tslib"
      ]
    },
    "@smithy/types@4.1.0": {
      "integrity": "sha512-enhjdwp4D7CXmwLtD6zbcDMbo6/T6WtuuKCY49Xxc6OMOmUWlBEBDREsxxgV2LIdeQPW756+f97GzcgAwp3iLw==",
      "dependencies": [
        "tslib"
      ]
    },
    "@smithy/url-parser@4.0.1": {
      "integrity": "sha512-gPXcIEUtw7VlK8f/QcruNXm7q+T5hhvGu9tl63LsJPZ27exB6dtNwvh2HIi0v7JcXJ5emBxB+CJxwaLEdJfA+g==",
      "dependencies": [
        "@smithy/querystring-parser",
        "@smithy/types@4.1.0",
        "tslib"
      ]
    },
    "@smithy/util-base64@4.0.0": {
      "integrity": "sha512-CvHfCmO2mchox9kjrtzoHkWHxjHZzaFojLc8quxXY7WAAMAg43nuxwv95tATVgQFNDwd4M9S1qFzj40Ul41Kmg==",
      "dependencies": [
        "@smithy/util-buffer-from@4.0.0",
        "@smithy/util-utf8@4.0.0",
        "tslib"
      ]
    },
    "@smithy/util-body-length-browser@4.0.0": {
      "integrity": "sha512-sNi3DL0/k64/LO3A256M+m3CDdG6V7WKWHdAiBBMUN8S3hK3aMPhwnPik2A/a2ONN+9doY9UxaLfgqsIRg69QA==",
      "dependencies": [
        "tslib"
      ]
    },
    "@smithy/util-body-length-node@4.0.0": {
      "integrity": "sha512-q0iDP3VsZzqJyje8xJWEJCNIu3lktUGVoSy1KB0UWym2CL1siV3artm+u1DFYTLejpsrdGyCSWBdGNjJzfDPjg==",
      "dependencies": [
        "tslib"
      ]
    },
    "@smithy/util-buffer-from@1.1.0": {
      "integrity": "sha512-9m6NXE0ww+ra5HKHCHig20T+FAwxBAm7DIdwc/767uGWbRcY720ybgPacQNB96JMOI7xVr/CDa3oMzKmW4a+kw==",
      "dependencies": [
        "@smithy/is-array-buffer@1.1.0",
        "tslib"
      ]
    },
    "@smithy/util-buffer-from@2.2.0": {
      "integrity": "sha512-IJdWBbTcMQ6DA0gdNhh/BwrLkDR+ADW5Kr1aZmd4k3DIF6ezMV4R2NIAmT08wQJ3yUK82thHWmC/TnK/wpMMIA==",
      "dependencies": [
        "@smithy/is-array-buffer@2.2.0",
        "tslib"
      ]
    },
    "@smithy/util-buffer-from@4.0.0": {
      "integrity": "sha512-9TOQ7781sZvddgO8nxueKi3+yGvkY35kotA0Y6BWRajAv8jjmigQ1sBwz0UX47pQMYXJPahSKEKYFgt+rXdcug==",
      "dependencies": [
        "@smithy/is-array-buffer@4.0.0",
        "tslib"
      ]
    },
    "@smithy/util-config-provider@4.0.0": {
      "integrity": "sha512-L1RBVzLyfE8OXH+1hsJ8p+acNUSirQnWQ6/EgpchV88G6zGBTDPdXiiExei6Z1wR2RxYvxY/XLw6AMNCCt8H3w==",
      "dependencies": [
        "tslib"
      ]
    },
    "@smithy/util-defaults-mode-browser@4.0.7": {
      "integrity": "sha512-CZgDDrYHLv0RUElOsmZtAnp1pIjwDVCSuZWOPhIOBvG36RDfX1Q9+6lS61xBf+qqvHoqRjHxgINeQz47cYFC2Q==",
      "dependencies": [
        "@smithy/property-provider",
        "@smithy/smithy-client",
        "@smithy/types@4.1.0",
        "bowser",
        "tslib"
      ]
    },
    "@smithy/util-defaults-mode-node@4.0.7": {
      "integrity": "sha512-79fQW3hnfCdrfIi1soPbK3zmooRFnLpSx3Vxi6nUlqaaQeC5dm8plt4OTNDNqEEEDkvKghZSaoti684dQFVrGQ==",
      "dependencies": [
        "@smithy/config-resolver",
        "@smithy/credential-provider-imds",
        "@smithy/node-config-provider",
        "@smithy/property-provider",
        "@smithy/smithy-client",
        "@smithy/types@4.1.0",
        "tslib"
      ]
    },
    "@smithy/util-endpoints@3.0.1": {
      "integrity": "sha512-zVdUENQpdtn9jbpD9SCFK4+aSiavRb9BxEtw9ZGUR1TYo6bBHbIoi7VkrFQ0/RwZlzx0wRBaRmPclj8iAoJCLA==",
      "dependencies": [
        "@smithy/node-config-provider",
        "@smithy/types@4.1.0",
        "tslib"
      ]
    },
    "@smithy/util-hex-encoding@4.0.0": {
      "integrity": "sha512-Yk5mLhHtfIgW2W2WQZWSg5kuMZCVbvhFmC7rV4IO2QqnZdbEFPmQnCcGMAX2z/8Qj3B9hYYNjZOhWym+RwhePw==",
      "dependencies": [
        "tslib"
      ]
    },
    "@smithy/util-middleware@4.0.1": {
      "integrity": "sha512-HiLAvlcqhbzhuiOa0Lyct5IIlyIz0PQO5dnMlmQ/ubYM46dPInB+3yQGkfxsk6Q24Y0n3/JmcA1v5iEhmOF5mA==",
      "dependencies": [
        "@smithy/types@4.1.0",
        "tslib"
      ]
    },
    "@smithy/util-retry@4.0.1": {
      "integrity": "sha512-WmRHqNVwn3kI3rKk1LsKcVgPBG6iLTBGC1iYOV3GQegwJ3E8yjzHytPt26VNzOWr1qu0xE03nK0Ug8S7T7oufw==",
      "dependencies": [
        "@smithy/service-error-classification",
        "@smithy/types@4.1.0",
        "tslib"
      ]
    },
    "@smithy/util-stream-node@1.1.0": {
      "integrity": "sha512-gC7La6Xh/Q6ruY2tF2kSmVYxZpca9nKMYsbPSNDUv6EKW6kMHO3UqxTQ4kixynUOz2uZ3igvuX+1d2w+LaD2dw==",
      "dependencies": [
        "@smithy/node-http-handler@1.1.0",
        "@smithy/types@1.2.0",
        "@smithy/util-buffer-from@1.1.0",
        "tslib"
      ]
    },
    "@smithy/util-stream@4.1.2": {
      "integrity": "sha512-44PKEqQ303d3rlQuiDpcCcu//hV8sn+u2JBo84dWCE0rvgeiVl0IlLMagbU++o0jCWhYCsHaAt9wZuZqNe05Hw==",
      "dependencies": [
        "@smithy/fetch-http-handler",
        "@smithy/node-http-handler@4.0.3",
        "@smithy/types@4.1.0",
        "@smithy/util-base64",
        "@smithy/util-buffer-from@4.0.0",
        "@smithy/util-hex-encoding",
        "@smithy/util-utf8@4.0.0",
        "tslib"
      ]
    },
    "@smithy/util-uri-escape@1.1.0": {
      "integrity": "sha512-/jL/V1xdVRt5XppwiaEU8Etp5WHZj609n0xMTuehmCqdoOFbId1M+aEeDWZsQ+8JbEB/BJ6ynY2SlYmOaKtt8w==",
      "dependencies": [
        "tslib"
      ]
    },
    "@smithy/util-uri-escape@4.0.0": {
      "integrity": "sha512-77yfbCbQMtgtTylO9itEAdpPXSog3ZxMe09AEhm0dU0NLTalV70ghDZFR+Nfi1C60jnJoh/Re4090/DuZh2Omg==",
      "dependencies": [
        "tslib"
      ]
    },
    "@smithy/util-utf8@2.3.0": {
      "integrity": "sha512-R8Rdn8Hy72KKcebgLiv8jQcQkXoLMOGGv5uI1/k0l+snqkOzQ1R0ChUBCxWMlBsFMekWjq0wRudIweFs7sKT5A==",
      "dependencies": [
        "@smithy/util-buffer-from@2.2.0",
        "tslib"
      ]
    },
    "@smithy/util-utf8@4.0.0": {
      "integrity": "sha512-b+zebfKCfRdgNJDknHCob3O7FpeYQN6ZG6YLExMcasDHsCXlsXCEuiPZeLnJLpwa5dvPetGlnGCiMHuLwGvFow==",
      "dependencies": [
        "@smithy/util-buffer-from@4.0.0",
        "tslib"
      ]
    },
    "@smithy/util-waiter@4.0.2": {
      "integrity": "sha512-piUTHyp2Axx3p/kc2CIJkYSv0BAaheBQmbACZgQSSfWUumWNW+R1lL+H9PDBxKJkvOeEX+hKYEFiwO8xagL8AQ==",
      "dependencies": [
        "@smithy/abort-controller@4.0.1",
        "@smithy/types@4.1.0",
        "tslib"
      ]
    },
    "@types/webidl-conversions@7.0.3": {
      "integrity": "sha512-CiJJvcRtIgzadHCYXw7dqEnMNRjhGZlYK05Mj9OyktqV8uVT8fD2BFOB7S1uwBE3Kj2Z+4UyPmFw/Ixgw/LAlA=="
    },
    "@types/whatwg-url@11.0.5": {
      "integrity": "sha512-coYR071JRaHa+xoEvvYqvnIHaVqaYrLPbsufM9BF63HkwI5Lgmy2QR8Q5K/lYDYo5AK82wOvSOS0UsLTpTG7uQ==",
      "dependencies": [
        "@types/webidl-conversions"
      ]
    },
    "bowser@2.11.0": {
      "integrity": "sha512-AlcaJBi/pqqJBIQ8U9Mcpc9i8Aqxn88Skv5d+xBX006BY5u8N3mGLHa5Lgppa7L/HfwgwLgZ6NYs+Ag6uUmJRA=="
    },
    "bson@6.10.4": {
      "integrity": "sha512-WIsKqkSC0ABoBJuT1LEX+2HEvNmNKKgnTAyd0fL8qzK4SH2i9NXg+t08YtdZp/V9IZ33cxe3iV4yM0qg8lMQng=="
    },
    "debug@4.4.1": {
      "integrity": "sha512-KcKCqiftBJcZr++7ykoDIEwSa3XWowTfNPo92BYxjXiyYEVrUQh2aLyhxBCwww+heortUFxEJYcRzosstTEBYQ==",
      "dependencies": [
        "ms"
      ]
    },
    "fast-xml-parser@4.4.1": {
      "integrity": "sha512-xkjOecfnKGkSsOwtZ5Pz7Us/T6mrbPQrq0nh+aCO5V9nk5NLWmasAHumTKjiPJPWANe+kAZ84Jc8ooJkzZ88Sw==",
      "dependencies": [
        "strnum"
      ],
      "bin": true
    },
    "hono@4.8.4": {
      "integrity": "sha512-KOIBp1+iUs0HrKztM4EHiB2UtzZDTBihDtOF5K6+WaJjCPeaW4Q92R8j63jOhvJI5+tZSMuKD9REVEXXY9illg=="
    },
    "kareem@2.6.3": {
      "integrity": "sha512-C3iHfuGUXK2u8/ipq9LfjFfXFxAZMQJJq7vLS45r3D9Y2xQ/m4S8zaR4zMLFWh9AsNPXmcFfUDhTEO8UIC/V6Q=="
    },
    "memory-pager@1.5.0": {
      "integrity": "sha512-ZS4Bp4r/Zoeq6+NLJpP+0Zzm0pR8whtGPf1XExKLJBAczGMnSi3It14OiNCStjQjM6NU1okjQGSxgEZN8eBYKg=="
    },
    "mongodb-connection-string-url@3.0.2": {
      "integrity": "sha512-rMO7CGo/9BFwyZABcKAWL8UJwH/Kc2x0g72uhDWzG48URRax5TCIcJ7Rc3RZqffZzO/Gwff/jyKwCU9TN8gehA==",
      "dependencies": [
        "@types/whatwg-url",
        "whatwg-url"
      ]
    },
    "mongodb@6.17.0": {
      "integrity": "sha512-neerUzg/8U26cgruLysKEjJvoNSXhyID3RvzvdcpsIi2COYM3FS3o9nlH7fxFtefTb942dX3W9i37oPfCVj4wA==",
      "dependencies": [
        "@mongodb-js/saslprep",
        "bson",
        "mongodb-connection-string-url"
      ]
    },
    "mongoose@8.16.1": {
      "integrity": "sha512-Q+0TC+KLdY4SYE+u9gk9pdW1tWu/pl0jusyEkMGTgBoAbvwQdfy4f9IM8dmvCwb/blSfp7IfLkob7v76x6ZGpQ==",
      "dependencies": [
        "bson",
        "kareem",
        "mongodb",
        "mpath",
        "mquery",
        "ms",
        "sift"
      ]
    },
    "mpath@0.9.0": {
      "integrity": "sha512-ikJRQTk8hw5DEoFVxHG1Gn9T/xcjtdnOKIU1JTmGjZZlg9LST2mBLmcX3/ICIbgJydT2GOc15RnNy5mHmzfSew=="
    },
    "mquery@5.0.0": {
      "integrity": "sha512-iQMncpmEK8R8ncT8HJGsGc9Dsp8xcgYMVSbs5jgnm1lFHTZqMJTUWTDx1LBO8+mK3tPNZWFLBghQEIOULSTHZg==",
      "dependencies": [
        "debug"
      ]
    },
    "ms@2.1.3": {
      "integrity": "sha512-6FlzubTLZG3J2a/NVCAleEhjzq5oxgHyaCU9yYXvcLsvoVaHJq/s5xXI6/XXP6tz7R9xAOtHnSO/tXtF3WRTlA=="
    },
    "punycode@2.3.1": {
      "integrity": "sha512-vYt7UD1U9Wg6138shLtLOvdAu+8DsC/ilFtEVHcH+wydcSpNE20AfSOduf6MkRFahL5FY7X1oU7nKVZFtfq8Fg=="
    },
    "sift@17.1.3": {
      "integrity": "sha512-Rtlj66/b0ICeFzYTuNvX/EF1igRbbnGSvEyT79McoZa/DeGhMyC5pWKOEsZKnpkqtSeovd5FL/bjHWC3CIIvCQ=="
    },
    "sparse-bitfield@3.0.3": {
      "integrity": "sha512-kvzhi7vqKTfkh0PZU+2D2PIllw2ymqJKujUcyPMd9Y75Nv4nPbGJZXNhxsgdQab2BmlDct1YnfQCguEvHr7VsQ==",
      "dependencies": [
        "memory-pager"
      ]
    },
    "strnum@1.1.2": {
      "integrity": "sha512-vrN+B7DBIoTTZjnPNewwhx6cBA/H+IS7rfW68n7XxC1y7uoiGQBxaKzqucGUgavX15dJgiGztLJ8vxuEzwqBdA=="
    },
    "tr46@5.1.1": {
      "integrity": "sha512-hdF5ZgjTqgAntKkklYw0R03MG2x/bSzTtkxmIRw/sTNV8YXsCJ1tfLAX23lhxhHJlEf3CRCOCGGWw3vI3GaSPw==",
      "dependencies": [
        "punycode"
      ]
    },
    "tslib@2.8.1": {
      "integrity": "sha512-oJFu94HQb+KVduSUQL7wnpmqnfmLsOA/nAh6b6EH0wCEoK0/mPeXU6c3wKDV83MkOuHPRHtSXKKU99IBazS/2w=="
    },
    "uuid@9.0.1": {
      "integrity": "sha512-b+1eJOlsR9K8HJpow9Ok3fiWOWSIcIzXodvv0rQjVoOVNpWMpxf1wZNpt4y9h10odCNrqnYp1OBzRktckBe3sA==",
      "bin": true
    },
    "webidl-conversions@7.0.0": {
      "integrity": "sha512-VwddBukDzu71offAQR975unBIGqfKZpM+8ZX6ySk8nYhVoo5CYaZyzt3YBvYtRtO+aoGlqxPg/B87NGVZ/fu6g=="
    },
    "whatwg-url@14.2.0": {
      "integrity": "sha512-De72GdQZzNTUBBChsXueQUnPKDkg/5A5zp7pFDuQAj5UFoENpiACU0wlCvzpAGnTkj++ihpKwKyYewn/XNUbKw==",
      "dependencies": [
        "tr46",
        "webidl-conversions"
      ]
    },
    "zod@3.25.67": {
      "integrity": "sha512-idA2YXwpCdqUSKRCACDE6ItZD9TZzy3OZMtpfLoh6oPR47lipysRrJfjzMqFxQ3uJuUPyUeWe1r9vLH33xO/Qw=="
    }
  },
  "redirects": {
    "https://deno.land/x/deno_dom/deno-dom-wasm.ts": "https://deno.land/x/deno_dom@v0.1.53/deno-dom-wasm.ts"
  },
  "remote": {
    "https://deno.land/x/deno_dom@v0.1.53/build/deno-wasm/deno-wasm.js": "567c1baaf7d3c381cb9c35937403cbaa83bdaa2ae2f4bf59230648c4e3349a0d",
    "https://deno.land/x/deno_dom@v0.1.53/build/deno-wasm/deno-wasm_bg-wasm.js": "989a0f81b2270eb172bcaf48de4a98da2a3a3bbcf5df334e64602bc8712aec2e",
    "https://deno.land/x/deno_dom@v0.1.53/build/deno-wasm/deno-wasm_bg.wasm": "05645f46bbdd0fb2a0f5ff759885f553919af1586c3a93fdd29393a6c2920728",
    "https://deno.land/x/deno_dom@v0.1.53/build/deno-wasm/env.js": "17da784c11b192c591dbf7df21ec6f65f63f45ca9a713e4ca100f3c886b4023f",
    "https://deno.land/x/deno_dom@v0.1.53/build/deno-wasm/wbg.js": "b5b6de12bc010fa23438c8a8276067b9044a405da516d0bbe4ae61b7c6d61a22",
    "https://deno.land/x/deno_dom@v0.1.53/deno-dom-wasm.ts": "4f8ede24992eb4b3426c3930a511d9f33e4db8fe81ca8d1c63ed12f0a76ac3a4",
    "https://deno.land/x/deno_dom@v0.1.53/src/api.ts": "0ff5790f0a3eeecb4e00b7d8fbfa319b165962cf6d0182a65ba90f158d74f7d7",
    "https://deno.land/x/deno_dom@v0.1.53/src/constructor-lock.ts": "0e7b297e8b9cf921a3b0d3a692ec5fb462c5afc47ec554292e20090b9e16b40a",
    "https://deno.land/x/deno_dom@v0.1.53/src/deserialize.ts": "514953418b7ae558ed7361ad9be21013f46cba2f58bd7f4acc90cf1e89f9c8cf",
    "https://deno.land/x/deno_dom@v0.1.53/src/dom/document-fragment.ts": "0b915d094830d43b330dc2fb8012b990f2c815773c6cdcd4a9fdff99fe47412e",
    "https://deno.land/x/deno_dom@v0.1.53/src/dom/document.ts": "ad584ac4ce6dce03f0ff6ef4b7db86fd598f9c7824da1387f7f2acd7d6948e4a",
    "https://deno.land/x/deno_dom@v0.1.53/src/dom/dom-parser.ts": "784ee0e766d4a01e14420f328053fd3a0016c6b40ee442edc3ae80f5d9777927",
    "https://deno.land/x/deno_dom@v0.1.53/src/dom/element.ts": "7d330192fbfd406fb67ab7a3387576fe35fec129b7c52c2ea38615144fa5b12e",
    "https://deno.land/x/deno_dom@v0.1.53/src/dom/elements/html-template-element.ts": "1707dfb4cbb145f3bcb94426d7cdedbaa336620d0afed30e99f50fe87ba24a98",
    "https://deno.land/x/deno_dom@v0.1.53/src/dom/html-collection.ts": "dcf328e883877f7748d3e20fb6319e739f297a6e24f4b00ec5b1a2f390cfa3c6",
    "https://deno.land/x/deno_dom@v0.1.53/src/dom/node-list.ts": "be9793475d82539da8b97a17b6b5538cc723538c10cc5820a23e5e4b2248845d",
    "https://deno.land/x/deno_dom@v0.1.53/src/dom/node.ts": "53ada9e4b2ae21f10f5941ff257ed4585920ae392020544648f349c05d15d30c",
    "https://deno.land/x/deno_dom@v0.1.53/src/dom/selectors/custom-api.ts": "852696bd58e534bc41bd3be9e2250b60b67cd95fd28ed16b1deff1d548531a71",
    "https://deno.land/x/deno_dom@v0.1.53/src/dom/selectors/nwsapi-types.ts": "c43b36c36acc5d32caabaa54fda8c9d239b2b0fcbce9a28efb93c84aa1021698",
    "https://deno.land/x/deno_dom@v0.1.53/src/dom/selectors/nwsapi.js": "985d7d8fc1eabbb88946b47a1c44c1b2d4aa79ff23c21424219f1528fa27a2ff",
    "https://deno.land/x/deno_dom@v0.1.53/src/dom/selectors/selectors.ts": "83eab57be2290fb48e3130533448c93c6c61239f2a2f3b85f1917f80ca0fdc75",
    "https://deno.land/x/deno_dom@v0.1.53/src/dom/selectors/sizzle-types.ts": "78149e2502409989ce861ed636b813b059e16bc267bb543e7c2b26ef43e4798b",
    "https://deno.land/x/deno_dom@v0.1.53/src/dom/selectors/sizzle.js": "c3aed60c1045a106d8e546ac2f85cc82e65f62d9af2f8f515210b9212286682a",
    "https://deno.land/x/deno_dom@v0.1.53/src/dom/string-cache.ts": "8e935804f7bac244cc70cec90a28c9f6d30fea14c61c2c4ea48fca274376d786",
    "https://deno.land/x/deno_dom@v0.1.53/src/dom/utils-types.ts": "96db30e3e4a75b194201bb9fa30988215da7f91b380fca6a5143e51ece2a8436",
    "https://deno.land/x/deno_dom@v0.1.53/src/dom/utils.ts": "bc429635e9204051ba1ecc1b212031b5ee7c6bcd95120c91bef696804aa67e74",
    "https://deno.land/x/deno_dom@v0.1.53/src/parser.ts": "e06b2300d693e6ae7564e53dfa5c9a9e97fdb8c044c39c52c8b93b5d60860be3"
  },
  "workspace": {
    "dependencies": [
      "jsr:@std/assert@1",
      "jsr:@std/dotenv@~0.225.5",
      "jsr:@std/fs@^1.0.18",
      "jsr:@std/http@~0.225.5",
      "jsr:@std/path@^1.1.0",
      "npm:@aws-sdk/client-s3@^3.528.0",
      "npm:@aws-sdk/util-stream-node@^3.374.0",
      "npm:@hono/zod-validator@0.7",
      "npm:hono@^4.8.4",
      "npm:mongodb@^6.17.0",
      "npm:mongoose@^8.15.1",
      "npm:zod@^3.25.56"
    ]
  }
}
